// !$*UTF8*$!
{
	archiveVersion = 1;
	classes = {
	};
	objectVersion = 46;
	objects = {

/* Begin PBXBuildFile section */
		1000F6011E52CDB700DE4B3C /* InkLevel.swift in Sources */ = {isa = PBXBuildFile; fileRef = 1000F6001E52CDB700DE4B3C /* InkLevel.swift */; };
		1024F7321EA630D5005D8372 /* CustomCopyThirdCell.swift in Sources */ = {isa = PBXBuildFile; fileRef = 1024F7301EA630D5005D8372 /* CustomCopyThirdCell.swift */; };
		1024F7331EA630D5005D8372 /* CustomCopyThirdCell.xib in Resources */ = {isa = PBXBuildFile; fileRef = 1024F7311EA630D5005D8372 /* CustomCopyThirdCell.xib */; };
		1033031A1E52AB5000E7D24C /* DeviceSettingsStoryboard.storyboard in Resources */ = {isa = PBXBuildFile; fileRef = 103303191E52AB5000E7D24C /* DeviceSettingsStoryboard.storyboard */; };
		1033031D1E52AC0300E7D24C /* TermsConditionsStoryboard.storyboard in Resources */ = {isa = PBXBuildFile; fileRef = 1033031C1E52AC0300E7D24C /* TermsConditionsStoryboard.storyboard */; };
		103303201E52AC2500E7D24C /* InkLevelStoryboard.storyboard in Resources */ = {isa = PBXBuildFile; fileRef = 1033031F1E52AC2500E7D24C /* InkLevelStoryboard.storyboard */; };
		103303231E52AC5500E7D24C /* PrintPhotoStoryboard.storyboard in Resources */ = {isa = PBXBuildFile; fileRef = 103303221E52AC5500E7D24C /* PrintPhotoStoryboard.storyboard */; };
		103303261E52AC6D00E7D24C /* CopyStoryboard.storyboard in Resources */ = {isa = PBXBuildFile; fileRef = 103303251E52AC6D00E7D24C /* CopyStoryboard.storyboard */; };
		103303291E52AC8900E7D24C /* ScanDocumentStoryboard.storyboard in Resources */ = {isa = PBXBuildFile; fileRef = 103303281E52AC8900E7D24C /* ScanDocumentStoryboard.storyboard */; };
		1033032C1E52ACB300E7D24C /* ScanPhotoStoryboard.storyboard in Resources */ = {isa = PBXBuildFile; fileRef = 1033032B1E52ACB300E7D24C /* ScanPhotoStoryboard.storyboard */; };
		1033032F1E52ACCE00E7D24C /* AddressPrintStoryboard.storyboard in Resources */ = {isa = PBXBuildFile; fileRef = 1033032E1E52ACCE00E7D24C /* AddressPrintStoryboard.storyboard */; };
		103303321E52ACFC00E7D24C /* PhotoAdjustmentsStoryboard.storyboard in Resources */ = {isa = PBXBuildFile; fileRef = 103303311E52ACFC00E7D24C /* PhotoAdjustmentsStoryboard.storyboard */; };
		103303351E52AD2A00E7D24C /* ScanSettingsStoryboard.storyboard in Resources */ = {isa = PBXBuildFile; fileRef = 103303341E52AD2A00E7D24C /* ScanSettingsStoryboard.storyboard */; };
		103303381E52AD8400E7D24C /* NetworkStatusStoryboard.storyboard in Resources */ = {isa = PBXBuildFile; fileRef = 103303371E52AD8400E7D24C /* NetworkStatusStoryboard.storyboard */; };
		1033033B1E52AD9F00E7D24C /* WiFiSetupStoryboard.storyboard in Resources */ = {isa = PBXBuildFile; fileRef = 1033033A1E52AD9F00E7D24C /* WiFiSetupStoryboard.storyboard */; };
		1033033E1E52ADC100E7D24C /* GCPStoryboard.storyboard in Resources */ = {isa = PBXBuildFile; fileRef = 1033033D1E52ADC100E7D24C /* GCPStoryboard.storyboard */; };
		103303411E52ADE900E7D24C /* AirPrintStoryboard.storyboard in Resources */ = {isa = PBXBuildFile; fileRef = 103303401E52ADE900E7D24C /* AirPrintStoryboard.storyboard */; };
		103303441E52AE0300E7D24C /* PrinterUtilityStoryboard.storyboard in Resources */ = {isa = PBXBuildFile; fileRef = 103303431E52AE0300E7D24C /* PrinterUtilityStoryboard.storyboard */; };
		103303471E52AE2200E7D24C /* SoftwareUpdateStoryboard.storyboard in Resources */ = {isa = PBXBuildFile; fileRef = 103303461E52AE2200E7D24C /* SoftwareUpdateStoryboard.storyboard */; };
		103A0DA71E8A5EA10062E730 /* TermsOfUseViewController.swift in Sources */ = {isa = PBXBuildFile; fileRef = 103A0DA61E8A5EA10062E730 /* TermsOfUseViewController.swift */; };
		104D37E41E83CA9700654166 /* ScanPhotoSettingViewController.swift in Sources */ = {isa = PBXBuildFile; fileRef = 104D37E31E83CA9700654166 /* ScanPhotoSettingViewController.swift */; };
		104F1D391E6575AC00532AC3 /* CartridgeSetupPrinting.swift in Sources */ = {isa = PBXBuildFile; fileRef = 104F1D371E6575AC00532AC3 /* CartridgeSetupPrinting.swift */; };
		104F1D3A1E6575AC00532AC3 /* CartridgeSetupStartScan.swift in Sources */ = {isa = PBXBuildFile; fileRef = 104F1D381E6575AC00532AC3 /* CartridgeSetupStartScan.swift */; };
		105965E41E531B95003B7CD6 /* DeviceSettings.swift in Sources */ = {isa = PBXBuildFile; fileRef = 105965E21E531B95003B7CD6 /* DeviceSettings.swift */; };
		105965E51E531B95003B7CD6 /* NetworkStatus.swift in Sources */ = {isa = PBXBuildFile; fileRef = 105965E31E531B95003B7CD6 /* NetworkStatus.swift */; };
		105965ED1E5320C6003B7CD6 /* WiFiSetupHome.swift in Sources */ = {isa = PBXBuildFile; fileRef = 105965EC1E5320C6003B7CD6 /* WiFiSetupHome.swift */; };
		105FAB171E55794000A180E8 /* NetworkAndPasswordManual.swift in Sources */ = {isa = PBXBuildFile; fileRef = 105FAB151E55794000A180E8 /* NetworkAndPasswordManual.swift */; };
		105FAB181E55794000A180E8 /* SecurityType.swift in Sources */ = {isa = PBXBuildFile; fileRef = 105FAB161E55794000A180E8 /* SecurityType.swift */; };
		106C69351E6420D700CDA7B6 /* PopUpPaperSizeVC.swift in Sources */ = {isa = PBXBuildFile; fileRef = 106C69341E6420D700CDA7B6 /* PopUpPaperSizeVC.swift */; };
		1073B5791E669801000C60EB /* CartridgeSetupHelp.swift in Sources */ = {isa = PBXBuildFile; fileRef = 1073B5771E669801000C60EB /* CartridgeSetupHelp.swift */; };
		1073B57A1E669801000C60EB /* CartridgeSetupScanning.swift in Sources */ = {isa = PBXBuildFile; fileRef = 1073B5781E669801000C60EB /* CartridgeSetupScanning.swift */; };
		10759B2E1E5469BF009E66BC /* NetworkAndPasswordSelectTheNetwork.swift in Sources */ = {isa = PBXBuildFile; fileRef = 10759B2D1E5469BF009E66BC /* NetworkAndPasswordSelectTheNetwork.swift */; };
		107B37A61E5FDE30007CA90C /* GCPEnableDisable.swift in Sources */ = {isa = PBXBuildFile; fileRef = 107B37A21E5FDE30007CA90C /* GCPEnableDisable.swift */; };
		107B37A71E5FDE30007CA90C /* GCPHome.swift in Sources */ = {isa = PBXBuildFile; fileRef = 107B37A31E5FDE30007CA90C /* GCPHome.swift */; };
		107B37A81E5FDE30007CA90C /* GCPRegisterUnregister.swift in Sources */ = {isa = PBXBuildFile; fileRef = 107B37A41E5FDE30007CA90C /* GCPRegisterUnregister.swift */; };
		107B37A91E5FDE30007CA90C /* GCPStatus.swift in Sources */ = {isa = PBXBuildFile; fileRef = 107B37A51E5FDE30007CA90C /* GCPStatus.swift */; };
		107B37AB1E5FDE4E007CA90C /* AirPrint.swift in Sources */ = {isa = PBXBuildFile; fileRef = 107B37AA1E5FDE4E007CA90C /* AirPrint.swift */; };
		107B37B31E5FDF08007CA90C /* CartridgeSetup.swift in Sources */ = {isa = PBXBuildFile; fileRef = 107B37AC1E5FDF08007CA90C /* CartridgeSetup.swift */; };
		107B37B41E5FDF08007CA90C /* CleanPrinthead.swift in Sources */ = {isa = PBXBuildFile; fileRef = 107B37AD1E5FDF08007CA90C /* CleanPrinthead.swift */; };
		107B37B51E5FDF08007CA90C /* DeviceSleepTime.swift in Sources */ = {isa = PBXBuildFile; fileRef = 107B37AE1E5FDF08007CA90C /* DeviceSleepTime.swift */; };
		107B37B61E5FDF08007CA90C /* PaperSetup.swift in Sources */ = {isa = PBXBuildFile; fileRef = 107B37AF1E5FDF08007CA90C /* PaperSetup.swift */; };
		107B37B71E5FDF08007CA90C /* PrinterUtitlityHome.swift in Sources */ = {isa = PBXBuildFile; fileRef = 107B37B01E5FDF08007CA90C /* PrinterUtitlityHome.swift */; };
		107B37B81E5FDF08007CA90C /* PrintReport.swift in Sources */ = {isa = PBXBuildFile; fileRef = 107B37B11E5FDF08007CA90C /* PrintReport.swift */; };
		107B37B91E5FDF08007CA90C /* RestoreFactoryDefault.swift in Sources */ = {isa = PBXBuildFile; fileRef = 107B37B21E5FDF08007CA90C /* RestoreFactoryDefault.swift */; };
		107B37BB1E5FDF1D007CA90C /* SoftwareUpdate.swift in Sources */ = {isa = PBXBuildFile; fileRef = 107B37BA1E5FDF1D007CA90C /* SoftwareUpdate.swift */; };
		107DE2A51E6EB9B10094FA0B /* PopUpDirectConnectTime.swift in Sources */ = {isa = PBXBuildFile; fileRef = 107DE2A41E6EB9B10094FA0B /* PopUpDirectConnectTime.swift */; };
		1093B8241E8A58C5000E8670 /* Images-2.xcassets in Resources */ = {isa = PBXBuildFile; fileRef = 1093B8231E8A58C5000E8670 /* Images-2.xcassets */; };
		109A952F1E729575004D28FD /* NetworkAndPasswordHelp.swift in Sources */ = {isa = PBXBuildFile; fileRef = 109A952D1E729575004D28FD /* NetworkAndPasswordHelp.swift */; };
		109A95301E729575004D28FD /* NetworkAndPasswordSelectedNetworkVC.swift in Sources */ = {isa = PBXBuildFile; fileRef = 109A952E1E729575004D28FD /* NetworkAndPasswordSelectedNetworkVC.swift */; };
		10A4E08C1E603FBB007724EF /* TextFieldMaxLengths.swift in Sources */ = {isa = PBXBuildFile; fileRef = 10A4E08B1E603FBB007724EF /* TextFieldMaxLengths.swift */; };
		10A4E08F1E604010007724EF /* DirectConnectTime.swift in Sources */ = {isa = PBXBuildFile; fileRef = 10A4E08D1E604010007724EF /* DirectConnectTime.swift */; };
		10A4E0901E604010007724EF /* FriendlyName.swift in Sources */ = {isa = PBXBuildFile; fileRef = 10A4E08E1E604010007724EF /* FriendlyName.swift */; };
		10A630731E54191B00AE1D16 /* NetworkAndPasswordSearchingPrinter.swift in Sources */ = {isa = PBXBuildFile; fileRef = 10A630721E54191B00AE1D16 /* NetworkAndPasswordSearchingPrinter.swift */; };
		10B68ABE1E89004800182F0F /* LoadInstructionsViewController.swift in Sources */ = {isa = PBXBuildFile; fileRef = 10B68ABD1E89004800182F0F /* LoadInstructionsViewController.swift */; };
		10CD81811E567A22001815A1 /* HostName.swift in Sources */ = {isa = PBXBuildFile; fileRef = 10CD817E1E567A22001815A1 /* HostName.swift */; };
		10CD81821E567A22001815A1 /* IPAddress.swift in Sources */ = {isa = PBXBuildFile; fileRef = 10CD817F1E567A22001815A1 /* IPAddress.swift */; };
		10CD81831E567A22001815A1 /* Proxy.swift in Sources */ = {isa = PBXBuildFile; fileRef = 10CD81801E567A22001815A1 /* Proxy.swift */; };
		10D36C601E5FE0C400D79664 /* CopyViewController.swift in Sources */ = {isa = PBXBuildFile; fileRef = 10D36C5B1E5FE0C400D79664 /* CopyViewController.swift */; };
		10D36C611E5FE0C400D79664 /* CustomCopySecondCell.swift in Sources */ = {isa = PBXBuildFile; fileRef = 10D36C5C1E5FE0C400D79664 /* CustomCopySecondCell.swift */; };
		10D36C621E5FE0C400D79664 /* CustomCopySecondCell.xib in Resources */ = {isa = PBXBuildFile; fileRef = 10D36C5D1E5FE0C400D79664 /* CustomCopySecondCell.xib */; };
		10D36C631E5FE0C400D79664 /* CustomCopyViewController.swift in Sources */ = {isa = PBXBuildFile; fileRef = 10D36C5E1E5FE0C400D79664 /* CustomCopyViewController.swift */; };
		10D36C641E5FE0C400D79664 /* CustomViewController.swift in Sources */ = {isa = PBXBuildFile; fileRef = 10D36C5F1E5FE0C400D79664 /* CustomViewController.swift */; };
		10D36C661E5FE0E200D79664 /* AnonymousPrinterUsageViewController.swift in Sources */ = {isa = PBXBuildFile; fileRef = 10D36C651E5FE0E200D79664 /* AnonymousPrinterUsageViewController.swift */; };
		10D36C681E5FE0F500D79664 /* StandardCopyViewController.swift in Sources */ = {isa = PBXBuildFile; fileRef = 10D36C671E5FE0F500D79664 /* StandardCopyViewController.swift */; };
		10DC00DA1E70D5DA0027DF46 /* NetworkAndPasswordSwitchNetwork.swift in Sources */ = {isa = PBXBuildFile; fileRef = 10DC00D91E70D5DA0027DF46 /* NetworkAndPasswordSwitchNetwork.swift */; };
		10DE82F61E72A7D9001F6FDA /* PagesPerSideTableViewCell.swift in Sources */ = {isa = PBXBuildFile; fileRef = 10DE82F31E72A7D9001F6FDA /* PagesPerSideTableViewCell.swift */; };
		10DE82F71E72A7D9001F6FDA /* PagesPerSideTableViewCell.xib in Resources */ = {isa = PBXBuildFile; fileRef = 10DE82F41E72A7D9001F6FDA /* PagesPerSideTableViewCell.xib */; };
		10DE82F81E72A7D9001F6FDA /* PagesPerSideViewer.swift in Sources */ = {isa = PBXBuildFile; fileRef = 10DE82F51E72A7D9001F6FDA /* PagesPerSideViewer.swift */; };
		10DE82FA1E72A7F8001F6FDA /* PhotoGallery.swift in Sources */ = {isa = PBXBuildFile; fileRef = 10DE82F91E72A7F8001F6FDA /* PhotoGallery.swift */; };
		10DE82FC1E72A813001F6FDA /* MyTableView.swift in Sources */ = {isa = PBXBuildFile; fileRef = 10DE82FB1E72A813001F6FDA /* MyTableView.swift */; };
		10DE82FE1E72A82F001F6FDA /* ScandocSettingViewController.swift in Sources */ = {isa = PBXBuildFile; fileRef = 10DE82FD1E72A82F001F6FDA /* ScandocSettingViewController.swift */; };
		10DE83011E72A873001F6FDA /* BrightnessTableViewCell.swift in Sources */ = {isa = PBXBuildFile; fileRef = 10DE82FF1E72A873001F6FDA /* BrightnessTableViewCell.swift */; };
		10DE83021E72A873001F6FDA /* BrightnessTableViewCell.xib in Resources */ = {isa = PBXBuildFile; fileRef = 10DE83001E72A873001F6FDA /* BrightnessTableViewCell.xib */; };
		10DE83051E72A8AE001F6FDA /* HeaderTableViewCell.swift in Sources */ = {isa = PBXBuildFile; fileRef = 10DE83031E72A8AE001F6FDA /* HeaderTableViewCell.swift */; };
		10DE83061E72A8AE001F6FDA /* HeaderTableViewCell.xib in Resources */ = {isa = PBXBuildFile; fileRef = 10DE83041E72A8AE001F6FDA /* HeaderTableViewCell.xib */; };
		10DE83091E72A935001F6FDA /* ItemsTableViewCell.swift in Sources */ = {isa = PBXBuildFile; fileRef = 10DE83071E72A935001F6FDA /* ItemsTableViewCell.swift */; };
		10DE830A1E72A935001F6FDA /* ItemsTableViewCell.xib in Resources */ = {isa = PBXBuildFile; fileRef = 10DE83081E72A935001F6FDA /* ItemsTableViewCell.xib */; };
		10DE830C1E72B294001F6FDA /* FirstViewController.swift in Sources */ = {isa = PBXBuildFile; fileRef = 10DE830B1E72B294001F6FDA /* FirstViewController.swift */; };
		10EFBE531E9CC0A800235DBF /* PreviewViewController.swift in Sources */ = {isa = PBXBuildFile; fileRef = 10EFBE511E9CC0A800235DBF /* PreviewViewController.swift */; };
		10EFBE541E9CC0A800235DBF /* ReturnAddressViewController.swift in Sources */ = {isa = PBXBuildFile; fileRef = 10EFBE521E9CC0A800235DBF /* ReturnAddressViewController.swift */; };
		10F4969A1E6D350800E10DA1 /* PopUpPaperTypeVC.swift in Sources */ = {isa = PBXBuildFile; fileRef = 10F496991E6D350800E10DA1 /* PopUpPaperTypeVC.swift */; };
		11054CCE1E4C6FF9001FEA31 /* PrinterSelectPopUp.swift in Sources */ = {isa = PBXBuildFile; fileRef = 11054CCD1E4C6FF9001FEA31 /* PrinterSelectPopUp.swift */; };
		11072BBA1E72756600F7CF99 /* CustomCollectionViewCell.swift in Sources */ = {isa = PBXBuildFile; fileRef = 11072BB91E72756600F7CF99 /* CustomCollectionViewCell.swift */; };
		1113B2DE1E66649300CC4BA2 /* SizeHelper.swift in Sources */ = {isa = PBXBuildFile; fileRef = 1113B2DD1E66649300CC4BA2 /* SizeHelper.swift */; };
		1116A3271E3043AC0038F2E5 /* MyUITableViewController.swift in Sources */ = {isa = PBXBuildFile; fileRef = 1116A3261E3043AC0038F2E5 /* MyUITableViewController.swift */; };
		1116A3291E30A92B0038F2E5 /* DetailTableViewCell.swift in Sources */ = {isa = PBXBuildFile; fileRef = 1116A3281E30A92B0038F2E5 /* DetailTableViewCell.swift */; };
		1116A32B1E30BC430038F2E5 /* SettingsTableViewCell.swift in Sources */ = {isa = PBXBuildFile; fileRef = 1116A32A1E30BC430038F2E5 /* SettingsTableViewCell.swift */; };
		113123A51E51AC8D0079CEAB /* SettingsStoryboard.storyboard in Resources */ = {isa = PBXBuildFile; fileRef = 113123A41E51AC8D0079CEAB /* SettingsStoryboard.storyboard */; };
		113123A71E51AF400079CEAB /* PhotoPrintSettingsStoryboard.storyboard in Resources */ = {isa = PBXBuildFile; fileRef = 113123A61E51AF400079CEAB /* PhotoPrintSettingsStoryboard.storyboard */; };
		113255971E28AC3500A66A9A /* SettingsViewer.swift in Sources */ = {isa = PBXBuildFile; fileRef = 113255961E28AC3500A66A9A /* SettingsViewer.swift */; };
		1141592A1E83C33F007276CA /* AddressPrintHomeViewController.swift in Sources */ = {isa = PBXBuildFile; fileRef = 114159241E83C33F007276CA /* AddressPrintHomeViewController.swift */; };
		1141592B1E83C33F007276CA /* PrintQueueStoryboard.storyboard in Resources */ = {isa = PBXBuildFile; fileRef = 114159251E83C33F007276CA /* PrintQueueStoryboard.storyboard */; };
		1141592C1E83C33F007276CA /* PrintQueueViewController.swift in Sources */ = {isa = PBXBuildFile; fileRef = 114159261E83C33F007276CA /* PrintQueueViewController.swift */; };
		1141592D1E83C33F007276CA /* PrintSettingsPreview.swift in Sources */ = {isa = PBXBuildFile; fileRef = 114159271E83C33F007276CA /* PrintSettingsPreview.swift */; };
		1141592E1E83C33F007276CA /* PrintSettingsPreview.xib in Resources */ = {isa = PBXBuildFile; fileRef = 114159281E83C33F007276CA /* PrintSettingsPreview.xib */; };
		1141592F1E83C33F007276CA /* SettingsObject.swift in Sources */ = {isa = PBXBuildFile; fileRef = 114159291E83C33F007276CA /* SettingsObject.swift */; };
		114159321E83CC3B007276CA /* PrintMultiViewController.swift in Sources */ = {isa = PBXBuildFile; fileRef = 114159311E83CC3B007276CA /* PrintMultiViewController.swift */; };
		114B30A81DF90A57008A57F1 /* AppDelegate.swift in Sources */ = {isa = PBXBuildFile; fileRef = 114B30A71DF90A57008A57F1 /* AppDelegate.swift */; };
		114B30AD1DF90A57008A57F1 /* Main.storyboard in Resources */ = {isa = PBXBuildFile; fileRef = 114B30AB1DF90A57008A57F1 /* Main.storyboard */; };
		114B30AF1DF90A57008A57F1 /* Assets.xcassets in Resources */ = {isa = PBXBuildFile; fileRef = 114B30AE1DF90A57008A57F1 /* Assets.xcassets */; };
		114B30B21DF90A57008A57F1 /* LaunchScreen.storyboard in Resources */ = {isa = PBXBuildFile; fileRef = 114B30B01DF90A57008A57F1 /* LaunchScreen.storyboard */; };
		114B30BD1DF90A57008A57F1 /* KodakVer3Tests.swift in Sources */ = {isa = PBXBuildFile; fileRef = 114B30BC1DF90A57008A57F1 /* KodakVer3Tests.swift */; };
		114B30C81DF90A57008A57F1 /* KodakVer3UITests.swift in Sources */ = {isa = PBXBuildFile; fileRef = 114B30C71DF90A57008A57F1 /* KodakVer3UITests.swift */; };
		114B30D61DF92BEF008A57F1 /* SettingsMenuVCViewController.swift in Sources */ = {isa = PBXBuildFile; fileRef = 114B30D51DF92BEF008A57F1 /* SettingsMenuVCViewController.swift */; };
		114B30D81DF92C44008A57F1 /* PrintPhotoVC.swift in Sources */ = {isa = PBXBuildFile; fileRef = 114B30D71DF92C44008A57F1 /* PrintPhotoVC.swift */; };
		114B30DA1DF92D78008A57F1 /* QuickDetailSelector.swift in Sources */ = {isa = PBXBuildFile; fileRef = 114B30D91DF92D78008A57F1 /* QuickDetailSelector.swift */; };
		11555D3C1E9CCD9400365346 /* Images.xcassets in Resources */ = {isa = PBXBuildFile; fileRef = 11555D3B1E9CCD9400365346 /* Images.xcassets */; };
		1156AAF31E1E2EFC009C2493 /* TableViewCell1.swift in Sources */ = {isa = PBXBuildFile; fileRef = 1156AAF11E1E2EFC009C2493 /* TableViewCell1.swift */; };
		1156AAF41E1E2EFC009C2493 /* TableViewCell1.xib in Resources */ = {isa = PBXBuildFile; fileRef = 1156AAF21E1E2EFC009C2493 /* TableViewCell1.xib */; };
		1156AAF71E1E2F24009C2493 /* TableViewCell2.swift in Sources */ = {isa = PBXBuildFile; fileRef = 1156AAF51E1E2F24009C2493 /* TableViewCell2.swift */; };
		1156AAF81E1E2F24009C2493 /* TableViewCell2.xib in Resources */ = {isa = PBXBuildFile; fileRef = 1156AAF61E1E2F24009C2493 /* TableViewCell2.xib */; };
		1158B74D1DFA4A5B008F081F /* MyNavController.swift in Sources */ = {isa = PBXBuildFile; fileRef = 1158B74C1DFA4A5B008F081F /* MyNavController.swift */; };
		1158B74F1DFA8655008F081F /* QuickViewController.swift in Sources */ = {isa = PBXBuildFile; fileRef = 1158B74E1DFA8655008F081F /* QuickViewController.swift */; };
		1158B7511DFA86C1008F081F /* DetailViewController.swift in Sources */ = {isa = PBXBuildFile; fileRef = 1158B7501DFA86C1008F081F /* DetailViewController.swift */; };
		11699E5E1E8A462700F56A3E /* PrintQueueTableViewCell.swift in Sources */ = {isa = PBXBuildFile; fileRef = 11699E5D1E8A462700F56A3E /* PrintQueueTableViewCell.swift */; };
		11699E601E8A463200F56A3E /* PrintQueueTableViewCell.xib in Resources */ = {isa = PBXBuildFile; fileRef = 11699E5F1E8A463200F56A3E /* PrintQueueTableViewCell.xib */; };
		11699E621E8A464600F56A3E /* PrintData.swift in Sources */ = {isa = PBXBuildFile; fileRef = 11699E611E8A464600F56A3E /* PrintData.swift */; };
		116CE2681E1F445F005687E9 /* MyTableViewDataSource.swift in Sources */ = {isa = PBXBuildFile; fileRef = 116CE2671E1F445F005687E9 /* MyTableViewDataSource.swift */; };
		11715AA41E5AC3FE005367B9 /* ImageCollectionVC.swift in Sources */ = {isa = PBXBuildFile; fileRef = 11715AA31E5AC3FE005367B9 /* ImageCollectionVC.swift */; };
		11715AA61E5AC413005367B9 /* PhotoAssetCollection.swift in Sources */ = {isa = PBXBuildFile; fileRef = 11715AA51E5AC413005367B9 /* PhotoAssetCollection.swift */; };
		118186E71E249FFA00B40A5F /* MyTableViewDelegate.swift in Sources */ = {isa = PBXBuildFile; fileRef = 118186E61E249FFA00B40A5F /* MyTableViewDelegate.swift */; };
		118A67E91E6565BE00B0107C /* BoxBackGround.swift in Sources */ = {isa = PBXBuildFile; fileRef = 118A67E81E6565BE00B0107C /* BoxBackGround.swift */; };
		11A62A5D1E31AB2D00F12289 /* MyNavBar.swift in Sources */ = {isa = PBXBuildFile; fileRef = 11A62A5C1E31AB2D00F12289 /* MyNavBar.swift */; };
		11A8C1AE1E92369300280569 /* ScanDocumentHomeVC.swift in Sources */ = {isa = PBXBuildFile; fileRef = 11A8C1AD1E92369300280569 /* ScanDocumentHomeVC.swift */; };
		11B56EB91E5D69180031108D /* FlickPrintViewController.swift in Sources */ = {isa = PBXBuildFile; fileRef = 11B56EB81E5D69180031108D /* FlickPrintViewController.swift */; };
		11CB551E1E95EB9E00EAC722 /* ScanSettingsPreview.xib in Resources */ = {isa = PBXBuildFile; fileRef = 11CB551D1E95EB9E00EAC722 /* ScanSettingsPreview.xib */; };
		11CB55201E97145B00EAC722 /* ScanSettingsPreview.swift in Sources */ = {isa = PBXBuildFile; fileRef = 11CB551F1E97145B00EAC722 /* ScanSettingsPreview.swift */; };
		11CFD1251E2F3226008253E6 /* PrintSettingsModel.swift in Sources */ = {isa = PBXBuildFile; fileRef = 11CFD1241E2F3226008253E6 /* PrintSettingsModel.swift */; };
		11DB094D1E6028E000B6F317 /* AdjustmentViewController.swift in Sources */ = {isa = PBXBuildFile; fileRef = 11DB094C1E6028E000B6F317 /* AdjustmentViewController.swift */; };
		11DF48201E36E46A0012AD60 /* FirstCell.swift in Sources */ = {isa = PBXBuildFile; fileRef = 11DF481F1E36E46A0012AD60 /* FirstCell.swift */; };
		11DFF0081E63AE2300C53EB7 /* BoxForeground.swift in Sources */ = {isa = PBXBuildFile; fileRef = 11DFF0071E63AE2300C53EB7 /* BoxForeground.swift */; };
		11F865961E530B1D00326907 /* PrintPhotoHomeVC.swift in Sources */ = {isa = PBXBuildFile; fileRef = 11F865951E530B1D00326907 /* PrintPhotoHomeVC.swift */; };
/* End PBXBuildFile section */

/* Begin PBXContainerItemProxy section */
		114B30B91DF90A57008A57F1 /* PBXContainerItemProxy */ = {
			isa = PBXContainerItemProxy;
			containerPortal = 114B309C1DF90A57008A57F1 /* Project object */;
			proxyType = 1;
			remoteGlobalIDString = 114B30A31DF90A57008A57F1;
			remoteInfo = KodakVer3;
		};
		114B30C41DF90A57008A57F1 /* PBXContainerItemProxy */ = {
			isa = PBXContainerItemProxy;
			containerPortal = 114B309C1DF90A57008A57F1 /* Project object */;
			proxyType = 1;
			remoteGlobalIDString = 114B30A31DF90A57008A57F1;
			remoteInfo = KodakVer3;
		};
/* End PBXContainerItemProxy section */

/* Begin PBXFileReference section */
		1000F6001E52CDB700DE4B3C /* InkLevel.swift */ = {isa = PBXFileReference; fileEncoding = 4; lastKnownFileType = sourcecode.swift; path = InkLevel.swift; sourceTree = "<group>"; };
		1024F7301EA630D5005D8372 /* CustomCopyThirdCell.swift */ = {isa = PBXFileReference; fileEncoding = 4; lastKnownFileType = sourcecode.swift; path = CustomCopyThirdCell.swift; sourceTree = "<group>"; };
		1024F7311EA630D5005D8372 /* CustomCopyThirdCell.xib */ = {isa = PBXFileReference; fileEncoding = 4; lastKnownFileType = file.xib; path = CustomCopyThirdCell.xib; sourceTree = "<group>"; };
		103303191E52AB5000E7D24C /* DeviceSettingsStoryboard.storyboard */ = {isa = PBXFileReference; fileEncoding = 4; lastKnownFileType = file.storyboard; path = DeviceSettingsStoryboard.storyboard; sourceTree = "<group>"; };
		1033031C1E52AC0300E7D24C /* TermsConditionsStoryboard.storyboard */ = {isa = PBXFileReference; fileEncoding = 4; lastKnownFileType = file.storyboard; path = TermsConditionsStoryboard.storyboard; sourceTree = "<group>"; };
		1033031F1E52AC2500E7D24C /* InkLevelStoryboard.storyboard */ = {isa = PBXFileReference; fileEncoding = 4; lastKnownFileType = file.storyboard; path = InkLevelStoryboard.storyboard; sourceTree = "<group>"; };
		103303221E52AC5500E7D24C /* PrintPhotoStoryboard.storyboard */ = {isa = PBXFileReference; fileEncoding = 4; lastKnownFileType = file.storyboard; path = PrintPhotoStoryboard.storyboard; sourceTree = "<group>"; };
		103303251E52AC6D00E7D24C /* CopyStoryboard.storyboard */ = {isa = PBXFileReference; fileEncoding = 4; lastKnownFileType = file.storyboard; path = CopyStoryboard.storyboard; sourceTree = "<group>"; };
		103303281E52AC8900E7D24C /* ScanDocumentStoryboard.storyboard */ = {isa = PBXFileReference; fileEncoding = 4; lastKnownFileType = file.storyboard; path = ScanDocumentStoryboard.storyboard; sourceTree = "<group>"; };
		1033032B1E52ACB300E7D24C /* ScanPhotoStoryboard.storyboard */ = {isa = PBXFileReference; fileEncoding = 4; lastKnownFileType = file.storyboard; path = ScanPhotoStoryboard.storyboard; sourceTree = "<group>"; };
		1033032E1E52ACCE00E7D24C /* AddressPrintStoryboard.storyboard */ = {isa = PBXFileReference; fileEncoding = 4; lastKnownFileType = file.storyboard; path = AddressPrintStoryboard.storyboard; sourceTree = "<group>"; };
		103303311E52ACFC00E7D24C /* PhotoAdjustmentsStoryboard.storyboard */ = {isa = PBXFileReference; fileEncoding = 4; lastKnownFileType = file.storyboard; path = PhotoAdjustmentsStoryboard.storyboard; sourceTree = "<group>"; };
		103303341E52AD2A00E7D24C /* ScanSettingsStoryboard.storyboard */ = {isa = PBXFileReference; fileEncoding = 4; lastKnownFileType = file.storyboard; path = ScanSettingsStoryboard.storyboard; sourceTree = "<group>"; };
		103303371E52AD8400E7D24C /* NetworkStatusStoryboard.storyboard */ = {isa = PBXFileReference; fileEncoding = 4; lastKnownFileType = file.storyboard; path = NetworkStatusStoryboard.storyboard; sourceTree = "<group>"; };
		1033033A1E52AD9F00E7D24C /* WiFiSetupStoryboard.storyboard */ = {isa = PBXFileReference; fileEncoding = 4; lastKnownFileType = file.storyboard; path = WiFiSetupStoryboard.storyboard; sourceTree = "<group>"; };
		1033033D1E52ADC100E7D24C /* GCPStoryboard.storyboard */ = {isa = PBXFileReference; fileEncoding = 4; lastKnownFileType = file.storyboard; path = GCPStoryboard.storyboard; sourceTree = "<group>"; };
		103303401E52ADE900E7D24C /* AirPrintStoryboard.storyboard */ = {isa = PBXFileReference; fileEncoding = 4; lastKnownFileType = file.storyboard; path = AirPrintStoryboard.storyboard; sourceTree = "<group>"; };
		103303431E52AE0300E7D24C /* PrinterUtilityStoryboard.storyboard */ = {isa = PBXFileReference; fileEncoding = 4; lastKnownFileType = file.storyboard; path = PrinterUtilityStoryboard.storyboard; sourceTree = "<group>"; };
		103303461E52AE2200E7D24C /* SoftwareUpdateStoryboard.storyboard */ = {isa = PBXFileReference; fileEncoding = 4; lastKnownFileType = file.storyboard; path = SoftwareUpdateStoryboard.storyboard; sourceTree = "<group>"; };
		103A0DA61E8A5EA10062E730 /* TermsOfUseViewController.swift */ = {isa = PBXFileReference; fileEncoding = 4; lastKnownFileType = sourcecode.swift; path = TermsOfUseViewController.swift; sourceTree = "<group>"; };
		104D37E31E83CA9700654166 /* ScanPhotoSettingViewController.swift */ = {isa = PBXFileReference; fileEncoding = 4; lastKnownFileType = sourcecode.swift; path = ScanPhotoSettingViewController.swift; sourceTree = "<group>"; };
		104F1D371E6575AC00532AC3 /* CartridgeSetupPrinting.swift */ = {isa = PBXFileReference; fileEncoding = 4; lastKnownFileType = sourcecode.swift; path = CartridgeSetupPrinting.swift; sourceTree = "<group>"; };
		104F1D381E6575AC00532AC3 /* CartridgeSetupStartScan.swift */ = {isa = PBXFileReference; fileEncoding = 4; lastKnownFileType = sourcecode.swift; path = CartridgeSetupStartScan.swift; sourceTree = "<group>"; };
		105965E21E531B95003B7CD6 /* DeviceSettings.swift */ = {isa = PBXFileReference; fileEncoding = 4; lastKnownFileType = sourcecode.swift; path = DeviceSettings.swift; sourceTree = "<group>"; };
		105965E31E531B95003B7CD6 /* NetworkStatus.swift */ = {isa = PBXFileReference; fileEncoding = 4; lastKnownFileType = sourcecode.swift; path = NetworkStatus.swift; sourceTree = "<group>"; };
		105965EC1E5320C6003B7CD6 /* WiFiSetupHome.swift */ = {isa = PBXFileReference; fileEncoding = 4; lastKnownFileType = sourcecode.swift; path = WiFiSetupHome.swift; sourceTree = "<group>"; };
		105FAB151E55794000A180E8 /* NetworkAndPasswordManual.swift */ = {isa = PBXFileReference; fileEncoding = 4; lastKnownFileType = sourcecode.swift; path = NetworkAndPasswordManual.swift; sourceTree = "<group>"; };
		105FAB161E55794000A180E8 /* SecurityType.swift */ = {isa = PBXFileReference; fileEncoding = 4; lastKnownFileType = sourcecode.swift; path = SecurityType.swift; sourceTree = "<group>"; };
		106C69341E6420D700CDA7B6 /* PopUpPaperSizeVC.swift */ = {isa = PBXFileReference; fileEncoding = 4; lastKnownFileType = sourcecode.swift; path = PopUpPaperSizeVC.swift; sourceTree = "<group>"; };
		1073B5771E669801000C60EB /* CartridgeSetupHelp.swift */ = {isa = PBXFileReference; fileEncoding = 4; lastKnownFileType = sourcecode.swift; path = CartridgeSetupHelp.swift; sourceTree = "<group>"; };
		1073B5781E669801000C60EB /* CartridgeSetupScanning.swift */ = {isa = PBXFileReference; fileEncoding = 4; lastKnownFileType = sourcecode.swift; path = CartridgeSetupScanning.swift; sourceTree = "<group>"; };
		10759B2D1E5469BF009E66BC /* NetworkAndPasswordSelectTheNetwork.swift */ = {isa = PBXFileReference; fileEncoding = 4; lastKnownFileType = sourcecode.swift; path = NetworkAndPasswordSelectTheNetwork.swift; sourceTree = "<group>"; };
		107B37A21E5FDE30007CA90C /* GCPEnableDisable.swift */ = {isa = PBXFileReference; fileEncoding = 4; lastKnownFileType = sourcecode.swift; path = GCPEnableDisable.swift; sourceTree = "<group>"; };
		107B37A31E5FDE30007CA90C /* GCPHome.swift */ = {isa = PBXFileReference; fileEncoding = 4; lastKnownFileType = sourcecode.swift; path = GCPHome.swift; sourceTree = "<group>"; };
		107B37A41E5FDE30007CA90C /* GCPRegisterUnregister.swift */ = {isa = PBXFileReference; fileEncoding = 4; lastKnownFileType = sourcecode.swift; path = GCPRegisterUnregister.swift; sourceTree = "<group>"; };
		107B37A51E5FDE30007CA90C /* GCPStatus.swift */ = {isa = PBXFileReference; fileEncoding = 4; lastKnownFileType = sourcecode.swift; path = GCPStatus.swift; sourceTree = "<group>"; };
		107B37AA1E5FDE4E007CA90C /* AirPrint.swift */ = {isa = PBXFileReference; fileEncoding = 4; lastKnownFileType = sourcecode.swift; path = AirPrint.swift; sourceTree = "<group>"; };
		107B37AC1E5FDF08007CA90C /* CartridgeSetup.swift */ = {isa = PBXFileReference; fileEncoding = 4; lastKnownFileType = sourcecode.swift; path = CartridgeSetup.swift; sourceTree = "<group>"; };
		107B37AD1E5FDF08007CA90C /* CleanPrinthead.swift */ = {isa = PBXFileReference; fileEncoding = 4; lastKnownFileType = sourcecode.swift; path = CleanPrinthead.swift; sourceTree = "<group>"; };
		107B37AE1E5FDF08007CA90C /* DeviceSleepTime.swift */ = {isa = PBXFileReference; fileEncoding = 4; lastKnownFileType = sourcecode.swift; path = DeviceSleepTime.swift; sourceTree = "<group>"; };
		107B37AF1E5FDF08007CA90C /* PaperSetup.swift */ = {isa = PBXFileReference; fileEncoding = 4; lastKnownFileType = sourcecode.swift; path = PaperSetup.swift; sourceTree = "<group>"; };
		107B37B01E5FDF08007CA90C /* PrinterUtitlityHome.swift */ = {isa = PBXFileReference; fileEncoding = 4; lastKnownFileType = sourcecode.swift; path = PrinterUtitlityHome.swift; sourceTree = "<group>"; };
		107B37B11E5FDF08007CA90C /* PrintReport.swift */ = {isa = PBXFileReference; fileEncoding = 4; lastKnownFileType = sourcecode.swift; path = PrintReport.swift; sourceTree = "<group>"; };
		107B37B21E5FDF08007CA90C /* RestoreFactoryDefault.swift */ = {isa = PBXFileReference; fileEncoding = 4; lastKnownFileType = sourcecode.swift; path = RestoreFactoryDefault.swift; sourceTree = "<group>"; };
		107B37BA1E5FDF1D007CA90C /* SoftwareUpdate.swift */ = {isa = PBXFileReference; fileEncoding = 4; lastKnownFileType = sourcecode.swift; path = SoftwareUpdate.swift; sourceTree = "<group>"; };
		107DE2A41E6EB9B10094FA0B /* PopUpDirectConnectTime.swift */ = {isa = PBXFileReference; fileEncoding = 4; lastKnownFileType = sourcecode.swift; path = PopUpDirectConnectTime.swift; sourceTree = "<group>"; };
		1093B8231E8A58C5000E8670 /* Images-2.xcassets */ = {isa = PBXFileReference; lastKnownFileType = folder.assetcatalog; path = "Images-2.xcassets"; sourceTree = "<group>"; };
		1093B8251E8A5C4E000E8670 /* Images-2.xcassets */ = {isa = PBXFileReference; lastKnownFileType = folder.assetcatalog; path = "Images-2.xcassets"; sourceTree = "<group>"; };
		109A952D1E729575004D28FD /* NetworkAndPasswordHelp.swift */ = {isa = PBXFileReference; fileEncoding = 4; lastKnownFileType = sourcecode.swift; path = NetworkAndPasswordHelp.swift; sourceTree = "<group>"; };
		109A952E1E729575004D28FD /* NetworkAndPasswordSelectedNetworkVC.swift */ = {isa = PBXFileReference; fileEncoding = 4; lastKnownFileType = sourcecode.swift; path = NetworkAndPasswordSelectedNetworkVC.swift; sourceTree = "<group>"; };
		10A4E08B1E603FBB007724EF /* TextFieldMaxLengths.swift */ = {isa = PBXFileReference; fileEncoding = 4; lastKnownFileType = sourcecode.swift; path = TextFieldMaxLengths.swift; sourceTree = "<group>"; };
		10A4E08D1E604010007724EF /* DirectConnectTime.swift */ = {isa = PBXFileReference; fileEncoding = 4; lastKnownFileType = sourcecode.swift; path = DirectConnectTime.swift; sourceTree = "<group>"; };
		10A4E08E1E604010007724EF /* FriendlyName.swift */ = {isa = PBXFileReference; fileEncoding = 4; lastKnownFileType = sourcecode.swift; path = FriendlyName.swift; sourceTree = "<group>"; };
		10A630721E54191B00AE1D16 /* NetworkAndPasswordSearchingPrinter.swift */ = {isa = PBXFileReference; fileEncoding = 4; lastKnownFileType = sourcecode.swift; path = NetworkAndPasswordSearchingPrinter.swift; sourceTree = "<group>"; };
		10B68ABD1E89004800182F0F /* LoadInstructionsViewController.swift */ = {isa = PBXFileReference; fileEncoding = 4; lastKnownFileType = sourcecode.swift; path = LoadInstructionsViewController.swift; sourceTree = "<group>"; };
		10CD817E1E567A22001815A1 /* HostName.swift */ = {isa = PBXFileReference; fileEncoding = 4; lastKnownFileType = sourcecode.swift; path = HostName.swift; sourceTree = "<group>"; };
		10CD817F1E567A22001815A1 /* IPAddress.swift */ = {isa = PBXFileReference; fileEncoding = 4; lastKnownFileType = sourcecode.swift; path = IPAddress.swift; sourceTree = "<group>"; };
		10CD81801E567A22001815A1 /* Proxy.swift */ = {isa = PBXFileReference; fileEncoding = 4; lastKnownFileType = sourcecode.swift; path = Proxy.swift; sourceTree = "<group>"; };
		10D36C5B1E5FE0C400D79664 /* CopyViewController.swift */ = {isa = PBXFileReference; fileEncoding = 4; lastKnownFileType = sourcecode.swift; path = CopyViewController.swift; sourceTree = "<group>"; };
		10D36C5C1E5FE0C400D79664 /* CustomCopySecondCell.swift */ = {isa = PBXFileReference; fileEncoding = 4; lastKnownFileType = sourcecode.swift; path = CustomCopySecondCell.swift; sourceTree = "<group>"; };
		10D36C5D1E5FE0C400D79664 /* CustomCopySecondCell.xib */ = {isa = PBXFileReference; fileEncoding = 4; lastKnownFileType = file.xib; path = CustomCopySecondCell.xib; sourceTree = "<group>"; };
		10D36C5E1E5FE0C400D79664 /* CustomCopyViewController.swift */ = {isa = PBXFileReference; fileEncoding = 4; lastKnownFileType = sourcecode.swift; path = CustomCopyViewController.swift; sourceTree = "<group>"; };
		10D36C5F1E5FE0C400D79664 /* CustomViewController.swift */ = {isa = PBXFileReference; fileEncoding = 4; lastKnownFileType = sourcecode.swift; path = CustomViewController.swift; sourceTree = "<group>"; };
		10D36C651E5FE0E200D79664 /* AnonymousPrinterUsageViewController.swift */ = {isa = PBXFileReference; fileEncoding = 4; lastKnownFileType = sourcecode.swift; path = AnonymousPrinterUsageViewController.swift; sourceTree = "<group>"; };
		10D36C671E5FE0F500D79664 /* StandardCopyViewController.swift */ = {isa = PBXFileReference; fileEncoding = 4; lastKnownFileType = sourcecode.swift; path = StandardCopyViewController.swift; sourceTree = "<group>"; };
		10DC00D91E70D5DA0027DF46 /* NetworkAndPasswordSwitchNetwork.swift */ = {isa = PBXFileReference; fileEncoding = 4; lastKnownFileType = sourcecode.swift; path = NetworkAndPasswordSwitchNetwork.swift; sourceTree = "<group>"; };
		10DE82F31E72A7D9001F6FDA /* PagesPerSideTableViewCell.swift */ = {isa = PBXFileReference; fileEncoding = 4; lastKnownFileType = sourcecode.swift; path = PagesPerSideTableViewCell.swift; sourceTree = "<group>"; };
		10DE82F41E72A7D9001F6FDA /* PagesPerSideTableViewCell.xib */ = {isa = PBXFileReference; fileEncoding = 4; lastKnownFileType = file.xib; path = PagesPerSideTableViewCell.xib; sourceTree = "<group>"; };
		10DE82F51E72A7D9001F6FDA /* PagesPerSideViewer.swift */ = {isa = PBXFileReference; fileEncoding = 4; lastKnownFileType = sourcecode.swift; path = PagesPerSideViewer.swift; sourceTree = "<group>"; };
		10DE82F91E72A7F8001F6FDA /* PhotoGallery.swift */ = {isa = PBXFileReference; fileEncoding = 4; lastKnownFileType = sourcecode.swift; path = PhotoGallery.swift; sourceTree = "<group>"; };
		10DE82FB1E72A813001F6FDA /* MyTableView.swift */ = {isa = PBXFileReference; fileEncoding = 4; lastKnownFileType = sourcecode.swift; path = MyTableView.swift; sourceTree = "<group>"; };
		10DE82FD1E72A82F001F6FDA /* ScandocSettingViewController.swift */ = {isa = PBXFileReference; fileEncoding = 4; lastKnownFileType = sourcecode.swift; path = ScandocSettingViewController.swift; sourceTree = "<group>"; };
		10DE82FF1E72A873001F6FDA /* BrightnessTableViewCell.swift */ = {isa = PBXFileReference; fileEncoding = 4; lastKnownFileType = sourcecode.swift; path = BrightnessTableViewCell.swift; sourceTree = "<group>"; };
		10DE83001E72A873001F6FDA /* BrightnessTableViewCell.xib */ = {isa = PBXFileReference; fileEncoding = 4; lastKnownFileType = file.xib; path = BrightnessTableViewCell.xib; sourceTree = "<group>"; };
		10DE83031E72A8AE001F6FDA /* HeaderTableViewCell.swift */ = {isa = PBXFileReference; fileEncoding = 4; lastKnownFileType = sourcecode.swift; path = HeaderTableViewCell.swift; sourceTree = "<group>"; };
		10DE83041E72A8AE001F6FDA /* HeaderTableViewCell.xib */ = {isa = PBXFileReference; fileEncoding = 4; lastKnownFileType = file.xib; path = HeaderTableViewCell.xib; sourceTree = "<group>"; };
		10DE83071E72A935001F6FDA /* ItemsTableViewCell.swift */ = {isa = PBXFileReference; fileEncoding = 4; lastKnownFileType = sourcecode.swift; path = ItemsTableViewCell.swift; sourceTree = "<group>"; };
		10DE83081E72A935001F6FDA /* ItemsTableViewCell.xib */ = {isa = PBXFileReference; fileEncoding = 4; lastKnownFileType = file.xib; path = ItemsTableViewCell.xib; sourceTree = "<group>"; };
		10DE830B1E72B294001F6FDA /* FirstViewController.swift */ = {isa = PBXFileReference; fileEncoding = 4; lastKnownFileType = sourcecode.swift; path = FirstViewController.swift; sourceTree = "<group>"; };
		10EFBE511E9CC0A800235DBF /* PreviewViewController.swift */ = {isa = PBXFileReference; fileEncoding = 4; lastKnownFileType = sourcecode.swift; path = PreviewViewController.swift; sourceTree = "<group>"; };
		10EFBE521E9CC0A800235DBF /* ReturnAddressViewController.swift */ = {isa = PBXFileReference; fileEncoding = 4; lastKnownFileType = sourcecode.swift; path = ReturnAddressViewController.swift; sourceTree = "<group>"; };
		10F496991E6D350800E10DA1 /* PopUpPaperTypeVC.swift */ = {isa = PBXFileReference; fileEncoding = 4; lastKnownFileType = sourcecode.swift; path = PopUpPaperTypeVC.swift; sourceTree = "<group>"; };
		11054CCD1E4C6FF9001FEA31 /* PrinterSelectPopUp.swift */ = {isa = PBXFileReference; fileEncoding = 4; lastKnownFileType = sourcecode.swift; path = PrinterSelectPopUp.swift; sourceTree = "<group>"; };
		11072BB91E72756600F7CF99 /* CustomCollectionViewCell.swift */ = {isa = PBXFileReference; fileEncoding = 4; lastKnownFileType = sourcecode.swift; path = CustomCollectionViewCell.swift; sourceTree = "<group>"; };
		1113B2DD1E66649300CC4BA2 /* SizeHelper.swift */ = {isa = PBXFileReference; fileEncoding = 4; lastKnownFileType = sourcecode.swift; path = SizeHelper.swift; sourceTree = "<group>"; };
		1116A3261E3043AC0038F2E5 /* MyUITableViewController.swift */ = {isa = PBXFileReference; fileEncoding = 4; lastKnownFileType = sourcecode.swift; path = MyUITableViewController.swift; sourceTree = "<group>"; };
		1116A3281E30A92B0038F2E5 /* DetailTableViewCell.swift */ = {isa = PBXFileReference; fileEncoding = 4; lastKnownFileType = sourcecode.swift; path = DetailTableViewCell.swift; sourceTree = "<group>"; };
		1116A32A1E30BC430038F2E5 /* SettingsTableViewCell.swift */ = {isa = PBXFileReference; fileEncoding = 4; lastKnownFileType = sourcecode.swift; path = SettingsTableViewCell.swift; sourceTree = "<group>"; };
		113123A41E51AC8D0079CEAB /* SettingsStoryboard.storyboard */ = {isa = PBXFileReference; fileEncoding = 4; lastKnownFileType = file.storyboard; path = SettingsStoryboard.storyboard; sourceTree = "<group>"; };
		113123A61E51AF400079CEAB /* PhotoPrintSettingsStoryboard.storyboard */ = {isa = PBXFileReference; fileEncoding = 4; lastKnownFileType = file.storyboard; path = PhotoPrintSettingsStoryboard.storyboard; sourceTree = "<group>"; };
		113255961E28AC3500A66A9A /* SettingsViewer.swift */ = {isa = PBXFileReference; fileEncoding = 4; lastKnownFileType = sourcecode.swift; path = SettingsViewer.swift; sourceTree = "<group>"; };
		114159241E83C33F007276CA /* AddressPrintHomeViewController.swift */ = {isa = PBXFileReference; fileEncoding = 4; lastKnownFileType = sourcecode.swift; path = AddressPrintHomeViewController.swift; sourceTree = "<group>"; };
		114159251E83C33F007276CA /* PrintQueueStoryboard.storyboard */ = {isa = PBXFileReference; fileEncoding = 4; lastKnownFileType = file.storyboard; path = PrintQueueStoryboard.storyboard; sourceTree = "<group>"; };
		114159261E83C33F007276CA /* PrintQueueViewController.swift */ = {isa = PBXFileReference; fileEncoding = 4; lastKnownFileType = sourcecode.swift; path = PrintQueueViewController.swift; sourceTree = "<group>"; };
		114159271E83C33F007276CA /* PrintSettingsPreview.swift */ = {isa = PBXFileReference; fileEncoding = 4; lastKnownFileType = sourcecode.swift; path = PrintSettingsPreview.swift; sourceTree = "<group>"; };
		114159281E83C33F007276CA /* PrintSettingsPreview.xib */ = {isa = PBXFileReference; fileEncoding = 4; lastKnownFileType = file.xib; path = PrintSettingsPreview.xib; sourceTree = "<group>"; };
		114159291E83C33F007276CA /* SettingsObject.swift */ = {isa = PBXFileReference; fileEncoding = 4; lastKnownFileType = sourcecode.swift; path = SettingsObject.swift; sourceTree = "<group>"; };
		114159311E83CC3B007276CA /* PrintMultiViewController.swift */ = {isa = PBXFileReference; fileEncoding = 4; lastKnownFileType = sourcecode.swift; path = PrintMultiViewController.swift; sourceTree = "<group>"; };
		114B30A41DF90A57008A57F1 /* KodakVer3.app */ = {isa = PBXFileReference; explicitFileType = wrapper.application; includeInIndex = 0; path = KodakVer3.app; sourceTree = BUILT_PRODUCTS_DIR; };
		114B30A71DF90A57008A57F1 /* AppDelegate.swift */ = {isa = PBXFileReference; lastKnownFileType = sourcecode.swift; path = AppDelegate.swift; sourceTree = "<group>"; };
		114B30AC1DF90A57008A57F1 /* Base */ = {isa = PBXFileReference; lastKnownFileType = file.storyboard; name = Base; path = Base.lproj/Main.storyboard; sourceTree = "<group>"; };
		114B30AE1DF90A57008A57F1 /* Assets.xcassets */ = {isa = PBXFileReference; lastKnownFileType = folder.assetcatalog; path = Assets.xcassets; sourceTree = "<group>"; };
		114B30B11DF90A57008A57F1 /* Base */ = {isa = PBXFileReference; lastKnownFileType = file.storyboard; name = Base; path = Base.lproj/LaunchScreen.storyboard; sourceTree = "<group>"; };
		114B30B31DF90A57008A57F1 /* Info.plist */ = {isa = PBXFileReference; lastKnownFileType = text.plist.xml; path = Info.plist; sourceTree = "<group>"; };
		114B30B81DF90A57008A57F1 /* KodakVer3Tests.xctest */ = {isa = PBXFileReference; explicitFileType = wrapper.cfbundle; includeInIndex = 0; path = KodakVer3Tests.xctest; sourceTree = BUILT_PRODUCTS_DIR; };
		114B30BC1DF90A57008A57F1 /* KodakVer3Tests.swift */ = {isa = PBXFileReference; lastKnownFileType = sourcecode.swift; path = KodakVer3Tests.swift; sourceTree = "<group>"; };
		114B30BE1DF90A57008A57F1 /* Info.plist */ = {isa = PBXFileReference; lastKnownFileType = text.plist.xml; path = Info.plist; sourceTree = "<group>"; };
		114B30C31DF90A57008A57F1 /* KodakVer3UITests.xctest */ = {isa = PBXFileReference; explicitFileType = wrapper.cfbundle; includeInIndex = 0; path = KodakVer3UITests.xctest; sourceTree = BUILT_PRODUCTS_DIR; };
		114B30C71DF90A57008A57F1 /* KodakVer3UITests.swift */ = {isa = PBXFileReference; lastKnownFileType = sourcecode.swift; path = KodakVer3UITests.swift; sourceTree = "<group>"; };
		114B30C91DF90A57008A57F1 /* Info.plist */ = {isa = PBXFileReference; lastKnownFileType = text.plist.xml; path = Info.plist; sourceTree = "<group>"; };
		114B30D51DF92BEF008A57F1 /* SettingsMenuVCViewController.swift */ = {isa = PBXFileReference; fileEncoding = 4; lastKnownFileType = sourcecode.swift; path = SettingsMenuVCViewController.swift; sourceTree = "<group>"; };
		114B30D71DF92C44008A57F1 /* PrintPhotoVC.swift */ = {isa = PBXFileReference; fileEncoding = 4; lastKnownFileType = sourcecode.swift; path = PrintPhotoVC.swift; sourceTree = "<group>"; };
		114B30D91DF92D78008A57F1 /* QuickDetailSelector.swift */ = {isa = PBXFileReference; fileEncoding = 4; lastKnownFileType = sourcecode.swift; path = QuickDetailSelector.swift; sourceTree = "<group>"; };
		11555D3B1E9CCD9400365346 /* Images.xcassets */ = {isa = PBXFileReference; lastKnownFileType = folder.assetcatalog; path = Images.xcassets; sourceTree = "<group>"; };
		1156AAF11E1E2EFC009C2493 /* TableViewCell1.swift */ = {isa = PBXFileReference; fileEncoding = 4; lastKnownFileType = sourcecode.swift; path = TableViewCell1.swift; sourceTree = "<group>"; };
		1156AAF21E1E2EFC009C2493 /* TableViewCell1.xib */ = {isa = PBXFileReference; fileEncoding = 4; lastKnownFileType = file.xib; path = TableViewCell1.xib; sourceTree = "<group>"; };
		1156AAF51E1E2F24009C2493 /* TableViewCell2.swift */ = {isa = PBXFileReference; fileEncoding = 4; lastKnownFileType = sourcecode.swift; path = TableViewCell2.swift; sourceTree = "<group>"; };
		1156AAF61E1E2F24009C2493 /* TableViewCell2.xib */ = {isa = PBXFileReference; fileEncoding = 4; lastKnownFileType = file.xib; path = TableViewCell2.xib; sourceTree = "<group>"; };
		1158B74C1DFA4A5B008F081F /* MyNavController.swift */ = {isa = PBXFileReference; fileEncoding = 4; lastKnownFileType = sourcecode.swift; path = MyNavController.swift; sourceTree = "<group>"; };
		1158B74E1DFA8655008F081F /* QuickViewController.swift */ = {isa = PBXFileReference; fileEncoding = 4; lastKnownFileType = sourcecode.swift; path = QuickViewController.swift; sourceTree = "<group>"; };
		1158B7501DFA86C1008F081F /* DetailViewController.swift */ = {isa = PBXFileReference; fileEncoding = 4; lastKnownFileType = sourcecode.swift; path = DetailViewController.swift; sourceTree = "<group>"; };
		11699E5D1E8A462700F56A3E /* PrintQueueTableViewCell.swift */ = {isa = PBXFileReference; fileEncoding = 4; lastKnownFileType = sourcecode.swift; path = PrintQueueTableViewCell.swift; sourceTree = "<group>"; };
		11699E5F1E8A463200F56A3E /* PrintQueueTableViewCell.xib */ = {isa = PBXFileReference; fileEncoding = 4; lastKnownFileType = file.xib; path = PrintQueueTableViewCell.xib; sourceTree = "<group>"; };
		11699E611E8A464600F56A3E /* PrintData.swift */ = {isa = PBXFileReference; fileEncoding = 4; lastKnownFileType = sourcecode.swift; path = PrintData.swift; sourceTree = "<group>"; };
		116CE2671E1F445F005687E9 /* MyTableViewDataSource.swift */ = {isa = PBXFileReference; fileEncoding = 4; lastKnownFileType = sourcecode.swift; path = MyTableViewDataSource.swift; sourceTree = "<group>"; };
		11715AA31E5AC3FE005367B9 /* ImageCollectionVC.swift */ = {isa = PBXFileReference; fileEncoding = 4; lastKnownFileType = sourcecode.swift; path = ImageCollectionVC.swift; sourceTree = "<group>"; };
		11715AA51E5AC413005367B9 /* PhotoAssetCollection.swift */ = {isa = PBXFileReference; fileEncoding = 4; lastKnownFileType = sourcecode.swift; path = PhotoAssetCollection.swift; sourceTree = "<group>"; };
		118186E61E249FFA00B40A5F /* MyTableViewDelegate.swift */ = {isa = PBXFileReference; fileEncoding = 4; lastKnownFileType = sourcecode.swift; path = MyTableViewDelegate.swift; sourceTree = "<group>"; };
		118A67E81E6565BE00B0107C /* BoxBackGround.swift */ = {isa = PBXFileReference; fileEncoding = 4; lastKnownFileType = sourcecode.swift; path = BoxBackGround.swift; sourceTree = "<group>"; };
		11A62A5C1E31AB2D00F12289 /* MyNavBar.swift */ = {isa = PBXFileReference; fileEncoding = 4; lastKnownFileType = sourcecode.swift; path = MyNavBar.swift; sourceTree = "<group>"; };
		11A8C1AD1E92369300280569 /* ScanDocumentHomeVC.swift */ = {isa = PBXFileReference; fileEncoding = 4; lastKnownFileType = sourcecode.swift; path = ScanDocumentHomeVC.swift; sourceTree = "<group>"; };
		11B56EB81E5D69180031108D /* FlickPrintViewController.swift */ = {isa = PBXFileReference; fileEncoding = 4; lastKnownFileType = sourcecode.swift; path = FlickPrintViewController.swift; sourceTree = "<group>"; };
		11CB551D1E95EB9E00EAC722 /* ScanSettingsPreview.xib */ = {isa = PBXFileReference; fileEncoding = 4; lastKnownFileType = file.xib; path = ScanSettingsPreview.xib; sourceTree = "<group>"; };
		11CB551F1E97145B00EAC722 /* ScanSettingsPreview.swift */ = {isa = PBXFileReference; fileEncoding = 4; lastKnownFileType = sourcecode.swift; path = ScanSettingsPreview.swift; sourceTree = "<group>"; };
		11CFD1241E2F3226008253E6 /* PrintSettingsModel.swift */ = {isa = PBXFileReference; fileEncoding = 4; lastKnownFileType = sourcecode.swift; path = PrintSettingsModel.swift; sourceTree = "<group>"; };
		11DB094C1E6028E000B6F317 /* AdjustmentViewController.swift */ = {isa = PBXFileReference; fileEncoding = 4; lastKnownFileType = sourcecode.swift; path = AdjustmentViewController.swift; sourceTree = "<group>"; };
		11DF481F1E36E46A0012AD60 /* FirstCell.swift */ = {isa = PBXFileReference; fileEncoding = 4; lastKnownFileType = sourcecode.swift; path = FirstCell.swift; sourceTree = "<group>"; };
		11DFF0071E63AE2300C53EB7 /* BoxForeground.swift */ = {isa = PBXFileReference; fileEncoding = 4; lastKnownFileType = sourcecode.swift; path = BoxForeground.swift; sourceTree = "<group>"; };
		11F865951E530B1D00326907 /* PrintPhotoHomeVC.swift */ = {isa = PBXFileReference; fileEncoding = 4; lastKnownFileType = sourcecode.swift; path = PrintPhotoHomeVC.swift; sourceTree = "<group>"; };
/* End PBXFileReference section */

/* Begin PBXFrameworksBuildPhase section */
		114B30A11DF90A57008A57F1 /* Frameworks */ = {
			isa = PBXFrameworksBuildPhase;
			buildActionMask = 2147483647;
			files = (
			);
			runOnlyForDeploymentPostprocessing = 0;
		};
		114B30B51DF90A57008A57F1 /* Frameworks */ = {
			isa = PBXFrameworksBuildPhase;
			buildActionMask = 2147483647;
			files = (
			);
			runOnlyForDeploymentPostprocessing = 0;
		};
		114B30C01DF90A57008A57F1 /* Frameworks */ = {
			isa = PBXFrameworksBuildPhase;
			buildActionMask = 2147483647;
			files = (
			);
			runOnlyForDeploymentPostprocessing = 0;
		};
/* End PBXFrameworksBuildPhase section */

/* Begin PBXGroup section */
		103303171E52AACC00E7D24C /* HomeScreen */ = {
			isa = PBXGroup;
			children = (
				10DE830B1E72B294001F6FDA /* FirstViewController.swift */,
				114B30AB1DF90A57008A57F1 /* Main.storyboard */,
			);
			name = HomeScreen;
			sourceTree = "<group>";
		};
		103303181E52AB1000E7D24C /* DeviceSettingsStoryboard */ = {
			isa = PBXGroup;
			children = (
				103303191E52AB5000E7D24C /* DeviceSettingsStoryboard.storyboard */,
				105965E21E531B95003B7CD6 /* DeviceSettings.swift */,
			);
			name = DeviceSettingsStoryboard;
			sourceTree = "<group>";
		};
		1033031B1E52AB5D00E7D24C /* TermsConditionsStoryboard */ = {
			isa = PBXGroup;
			children = (
				103A0DA61E8A5EA10062E730 /* TermsOfUseViewController.swift */,
				10D36C651E5FE0E200D79664 /* AnonymousPrinterUsageViewController.swift */,
				1033031C1E52AC0300E7D24C /* TermsConditionsStoryboard.storyboard */,
			);
			name = TermsConditionsStoryboard;
			sourceTree = "<group>";
		};
		1033031E1E52AC0A00E7D24C /* InkLevelStoryboard */ = {
			isa = PBXGroup;
			children = (
				1033031F1E52AC2500E7D24C /* InkLevelStoryboard.storyboard */,
				1000F6001E52CDB700DE4B3C /* InkLevel.swift */,
			);
			name = InkLevelStoryboard;
			sourceTree = "<group>";
		};
		103303211E52AC2900E7D24C /* PrintPhotoStoryboard */ = {
			isa = PBXGroup;
			children = (
				103303221E52AC5500E7D24C /* PrintPhotoStoryboard.storyboard */,
				11F865951E530B1D00326907 /* PrintPhotoHomeVC.swift */,
				11715AA51E5AC413005367B9 /* PhotoAssetCollection.swift */,
				11715AA31E5AC3FE005367B9 /* ImageCollectionVC.swift */,
				11B56EB81E5D69180031108D /* FlickPrintViewController.swift */,
				11DB094C1E6028E000B6F317 /* AdjustmentViewController.swift */,
				11DFF0071E63AE2300C53EB7 /* BoxForeground.swift */,
				118A67E81E6565BE00B0107C /* BoxBackGround.swift */,
				1113B2DD1E66649300CC4BA2 /* SizeHelper.swift */,
				11072BB91E72756600F7CF99 /* CustomCollectionViewCell.swift */,
				114159311E83CC3B007276CA /* PrintMultiViewController.swift */,
			);
			name = PrintPhotoStoryboard;
			sourceTree = "<group>";
		};
		103303241E52AC5A00E7D24C /* CopyStoryboard */ = {
			isa = PBXGroup;
			children = (
				1024F7301EA630D5005D8372 /* CustomCopyThirdCell.swift */,
				1024F7311EA630D5005D8372 /* CustomCopyThirdCell.xib */,
				10DE83001E72A873001F6FDA /* BrightnessTableViewCell.xib */,
				10DE82FF1E72A873001F6FDA /* BrightnessTableViewCell.swift */,
				10DE82F51E72A7D9001F6FDA /* PagesPerSideViewer.swift */,
				10DE82F41E72A7D9001F6FDA /* PagesPerSideTableViewCell.xib */,
				10DE82F31E72A7D9001F6FDA /* PagesPerSideTableViewCell.swift */,
				10D36C671E5FE0F500D79664 /* StandardCopyViewController.swift */,
				103303251E52AC6D00E7D24C /* CopyStoryboard.storyboard */,
				10D36C5B1E5FE0C400D79664 /* CopyViewController.swift */,
				10D36C5C1E5FE0C400D79664 /* CustomCopySecondCell.swift */,
				10D36C5D1E5FE0C400D79664 /* CustomCopySecondCell.xib */,
				10D36C5E1E5FE0C400D79664 /* CustomCopyViewController.swift */,
				10D36C5F1E5FE0C400D79664 /* CustomViewController.swift */,
			);
			name = CopyStoryboard;
			sourceTree = "<group>";
		};
		103303271E52AC7700E7D24C /* ScanDocument */ = {
			isa = PBXGroup;
			children = (
				103303281E52AC8900E7D24C /* ScanDocumentStoryboard.storyboard */,
				11A8C1AD1E92369300280569 /* ScanDocumentHomeVC.swift */,
				11CB551D1E95EB9E00EAC722 /* ScanSettingsPreview.xib */,
				11CB551F1E97145B00EAC722 /* ScanSettingsPreview.swift */,
			);
			name = ScanDocument;
			sourceTree = "<group>";
		};
		1033032A1E52AC8F00E7D24C /* ScanPhotoStoryboard */ = {
			isa = PBXGroup;
			children = (
				1033032B1E52ACB300E7D24C /* ScanPhotoStoryboard.storyboard */,
			);
			name = ScanPhotoStoryboard;
			sourceTree = "<group>";
		};
		1033032D1E52ACB900E7D24C /* AddressPrintStoryboard */ = {
			isa = PBXGroup;
			children = (
				10EFBE511E9CC0A800235DBF /* PreviewViewController.swift */,
				10EFBE521E9CC0A800235DBF /* ReturnAddressViewController.swift */,
				10B68ABD1E89004800182F0F /* LoadInstructionsViewController.swift */,
				114159241E83C33F007276CA /* AddressPrintHomeViewController.swift */,
				1033032E1E52ACCE00E7D24C /* AddressPrintStoryboard.storyboard */,
			);
			name = AddressPrintStoryboard;
			sourceTree = "<group>";
		};
		103303301E52ACE200E7D24C /* PhotoAdjustmentsStoryboard */ = {
			isa = PBXGroup;
			children = (
				103303311E52ACFC00E7D24C /* PhotoAdjustmentsStoryboard.storyboard */,
			);
			name = PhotoAdjustmentsStoryboard;
			sourceTree = "<group>";
		};
		103303331E52AD0200E7D24C /* ScanSettingsStoryboard */ = {
			isa = PBXGroup;
			children = (
				104D37E31E83CA9700654166 /* ScanPhotoSettingViewController.swift */,
				103303341E52AD2A00E7D24C /* ScanSettingsStoryboard.storyboard */,
				10DE83031E72A8AE001F6FDA /* HeaderTableViewCell.swift */,
				10DE83041E72A8AE001F6FDA /* HeaderTableViewCell.xib */,
				10DE83081E72A935001F6FDA /* ItemsTableViewCell.xib */,
				10DE83071E72A935001F6FDA /* ItemsTableViewCell.swift */,
				10DE82FD1E72A82F001F6FDA /* ScandocSettingViewController.swift */,
			);
			name = ScanSettingsStoryboard;
			sourceTree = "<group>";
		};
		103303361E52AD4000E7D24C /* NetworkStatusStoryboard */ = {
			isa = PBXGroup;
			children = (
				103303371E52AD8400E7D24C /* NetworkStatusStoryboard.storyboard */,
				105965E31E531B95003B7CD6 /* NetworkStatus.swift */,
			);
			name = NetworkStatusStoryboard;
			sourceTree = "<group>";
		};
		103303391E52AD8800E7D24C /* WiFiSetupStoryboard */ = {
			isa = PBXGroup;
			children = (
				109A952D1E729575004D28FD /* NetworkAndPasswordHelp.swift */,
				109A952E1E729575004D28FD /* NetworkAndPasswordSelectedNetworkVC.swift */,
				10DC00D91E70D5DA0027DF46 /* NetworkAndPasswordSwitchNetwork.swift */,
				107DE2A41E6EB9B10094FA0B /* PopUpDirectConnectTime.swift */,
				10A4E08D1E604010007724EF /* DirectConnectTime.swift */,
				10A4E08E1E604010007724EF /* FriendlyName.swift */,
				10CD817E1E567A22001815A1 /* HostName.swift */,
				10CD817F1E567A22001815A1 /* IPAddress.swift */,
				10CD81801E567A22001815A1 /* Proxy.swift */,
				105FAB151E55794000A180E8 /* NetworkAndPasswordManual.swift */,
				105FAB161E55794000A180E8 /* SecurityType.swift */,
				10759B2D1E5469BF009E66BC /* NetworkAndPasswordSelectTheNetwork.swift */,
				1033033A1E52AD9F00E7D24C /* WiFiSetupStoryboard.storyboard */,
				105965EC1E5320C6003B7CD6 /* WiFiSetupHome.swift */,
				10A630721E54191B00AE1D16 /* NetworkAndPasswordSearchingPrinter.swift */,
			);
			name = WiFiSetupStoryboard;
			sourceTree = "<group>";
		};
		1033033C1E52ADA900E7D24C /* GCPStoryboard */ = {
			isa = PBXGroup;
			children = (
				107B37A21E5FDE30007CA90C /* GCPEnableDisable.swift */,
				107B37A31E5FDE30007CA90C /* GCPHome.swift */,
				107B37A41E5FDE30007CA90C /* GCPRegisterUnregister.swift */,
				107B37A51E5FDE30007CA90C /* GCPStatus.swift */,
				1033033D1E52ADC100E7D24C /* GCPStoryboard.storyboard */,
			);
			name = GCPStoryboard;
			sourceTree = "<group>";
		};
		1033033F1E52ADC500E7D24C /* AirPrintStoryboard */ = {
			isa = PBXGroup;
			children = (
				107B37AA1E5FDE4E007CA90C /* AirPrint.swift */,
				103303401E52ADE900E7D24C /* AirPrintStoryboard.storyboard */,
			);
			name = AirPrintStoryboard;
			sourceTree = "<group>";
		};
		103303421E52ADEE00E7D24C /* PrinterUtilityStoryboard */ = {
			isa = PBXGroup;
			children = (
				10F496991E6D350800E10DA1 /* PopUpPaperTypeVC.swift */,
				1073B5771E669801000C60EB /* CartridgeSetupHelp.swift */,
				1073B5781E669801000C60EB /* CartridgeSetupScanning.swift */,
				104F1D371E6575AC00532AC3 /* CartridgeSetupPrinting.swift */,
				104F1D381E6575AC00532AC3 /* CartridgeSetupStartScan.swift */,
				106C69341E6420D700CDA7B6 /* PopUpPaperSizeVC.swift */,
				107B37AC1E5FDF08007CA90C /* CartridgeSetup.swift */,
				107B37AD1E5FDF08007CA90C /* CleanPrinthead.swift */,
				107B37AE1E5FDF08007CA90C /* DeviceSleepTime.swift */,
				107B37AF1E5FDF08007CA90C /* PaperSetup.swift */,
				107B37B01E5FDF08007CA90C /* PrinterUtitlityHome.swift */,
				107B37B11E5FDF08007CA90C /* PrintReport.swift */,
				107B37B21E5FDF08007CA90C /* RestoreFactoryDefault.swift */,
				103303431E52AE0300E7D24C /* PrinterUtilityStoryboard.storyboard */,
			);
			name = PrinterUtilityStoryboard;
			sourceTree = "<group>";
		};
		103303451E52AE1200E7D24C /* SoftwareUpdate */ = {
			isa = PBXGroup;
			children = (
				107B37BA1E5FDF1D007CA90C /* SoftwareUpdate.swift */,
				103303461E52AE2200E7D24C /* SoftwareUpdateStoryboard.storyboard */,
			);
			name = SoftwareUpdate;
			sourceTree = "<group>";
		};
		113123A31E51AC410079CEAB /* SettingsStoryboard */ = {
			isa = PBXGroup;
			children = (
				113123A41E51AC8D0079CEAB /* SettingsStoryboard.storyboard */,
				114B30D51DF92BEF008A57F1 /* SettingsMenuVCViewController.swift */,
			);
			name = SettingsStoryboard;
			sourceTree = "<group>";
		};
		113123A81E51AF590079CEAB /* PhotoPrintSettingsStoryboard */ = {
			isa = PBXGroup;
			children = (
				113123A61E51AF400079CEAB /* PhotoPrintSettingsStoryboard.storyboard */,
				114B30D71DF92C44008A57F1 /* PrintPhotoVC.swift */,
				1158B74E1DFA8655008F081F /* QuickViewController.swift */,
				1158B7501DFA86C1008F081F /* DetailViewController.swift */,
			);
			name = PhotoPrintSettingsStoryboard;
			sourceTree = "<group>";
		};
		114159301E83C652007276CA /* PrintQueueStoryboard */ = {
			isa = PBXGroup;
			children = (
				11699E611E8A464600F56A3E /* PrintData.swift */,
				11699E5F1E8A463200F56A3E /* PrintQueueTableViewCell.xib */,
				11699E5D1E8A462700F56A3E /* PrintQueueTableViewCell.swift */,
				114159261E83C33F007276CA /* PrintQueueViewController.swift */,
				114159251E83C33F007276CA /* PrintQueueStoryboard.storyboard */,
			);
			name = PrintQueueStoryboard;
			sourceTree = "<group>";
		};
		114B309B1DF90A57008A57F1 = {
			isa = PBXGroup;
			children = (
				114B30A61DF90A57008A57F1 /* KodakVer3 */,
				114B30BB1DF90A57008A57F1 /* KodakVer3Tests */,
				114B30C61DF90A57008A57F1 /* KodakVer3UITests */,
				114B30A51DF90A57008A57F1 /* Products */,
			);
			sourceTree = "<group>";
		};
		114B30A51DF90A57008A57F1 /* Products */ = {
			isa = PBXGroup;
			children = (
				114B30A41DF90A57008A57F1 /* KodakVer3.app */,
				114B30B81DF90A57008A57F1 /* KodakVer3Tests.xctest */,
				114B30C31DF90A57008A57F1 /* KodakVer3UITests.xctest */,
			);
			name = Products;
			sourceTree = "<group>";
		};
		114B30A61DF90A57008A57F1 /* KodakVer3 */ = {
			isa = PBXGroup;
			children = (
				11555D3B1E9CCD9400365346 /* Images.xcassets */,
				1093B8251E8A5C4E000E8670 /* Images-2.xcassets */,
				114159301E83C652007276CA /* PrintQueueStoryboard */,
				10DE82FB1E72A813001F6FDA /* MyTableView.swift */,
				10DE82F91E72A7F8001F6FDA /* PhotoGallery.swift */,
				10A4E08B1E603FBB007724EF /* TextFieldMaxLengths.swift */,
				103303451E52AE1200E7D24C /* SoftwareUpdate */,
				103303421E52ADEE00E7D24C /* PrinterUtilityStoryboard */,
				1033033F1E52ADC500E7D24C /* AirPrintStoryboard */,
				1033033C1E52ADA900E7D24C /* GCPStoryboard */,
				103303391E52AD8800E7D24C /* WiFiSetupStoryboard */,
				103303361E52AD4000E7D24C /* NetworkStatusStoryboard */,
				103303331E52AD0200E7D24C /* ScanSettingsStoryboard */,
				103303301E52ACE200E7D24C /* PhotoAdjustmentsStoryboard */,
				1033032D1E52ACB900E7D24C /* AddressPrintStoryboard */,
				1033032A1E52AC8F00E7D24C /* ScanPhotoStoryboard */,
				103303271E52AC7700E7D24C /* ScanDocument */,
				103303241E52AC5A00E7D24C /* CopyStoryboard */,
				103303211E52AC2900E7D24C /* PrintPhotoStoryboard */,
				1033031E1E52AC0A00E7D24C /* InkLevelStoryboard */,
				1033031B1E52AB5D00E7D24C /* TermsConditionsStoryboard */,
				103303181E52AB1000E7D24C /* DeviceSettingsStoryboard */,
				103303171E52AACC00E7D24C /* HomeScreen */,
				113123A81E51AF590079CEAB /* PhotoPrintSettingsStoryboard */,
				113123A31E51AC410079CEAB /* SettingsStoryboard */,
				11054CCD1E4C6FF9001FEA31 /* PrinterSelectPopUp.swift */,
				114B30A71DF90A57008A57F1 /* AppDelegate.swift */,
				1156AAF11E1E2EFC009C2493 /* TableViewCell1.swift */,
				1156AAF21E1E2EFC009C2493 /* TableViewCell1.xib */,
				1156AAF51E1E2F24009C2493 /* TableViewCell2.swift */,
				1156AAF61E1E2F24009C2493 /* TableViewCell2.xib */,
				114B30AE1DF90A57008A57F1 /* Assets.xcassets */,
				114B30B01DF90A57008A57F1 /* LaunchScreen.storyboard */,
				114B30B31DF90A57008A57F1 /* Info.plist */,
				114B30D91DF92D78008A57F1 /* QuickDetailSelector.swift */,
				1158B74C1DFA4A5B008F081F /* MyNavController.swift */,
				11A62A5C1E31AB2D00F12289 /* MyNavBar.swift */,
				116CE2671E1F445F005687E9 /* MyTableViewDataSource.swift */,
				118186E61E249FFA00B40A5F /* MyTableViewDelegate.swift */,
				113255961E28AC3500A66A9A /* SettingsViewer.swift */,
				11CFD1241E2F3226008253E6 /* PrintSettingsModel.swift */,
				1116A3261E3043AC0038F2E5 /* MyUITableViewController.swift */,
				1116A3281E30A92B0038F2E5 /* DetailTableViewCell.swift */,
				1116A32A1E30BC430038F2E5 /* SettingsTableViewCell.swift */,
				114159271E83C33F007276CA /* PrintSettingsPreview.swift */,
				114159281E83C33F007276CA /* PrintSettingsPreview.xib */,
				114159291E83C33F007276CA /* SettingsObject.swift */,
				11DF481F1E36E46A0012AD60 /* FirstCell.swift */,
				1093B8231E8A58C5000E8670 /* Images-2.xcassets */,
			);
			path = KodakVer3;
			sourceTree = "<group>";
		};
		114B30BB1DF90A57008A57F1 /* KodakVer3Tests */ = {
			isa = PBXGroup;
			children = (
				114B30BC1DF90A57008A57F1 /* KodakVer3Tests.swift */,
				114B30BE1DF90A57008A57F1 /* Info.plist */,
			);
			path = KodakVer3Tests;
			sourceTree = "<group>";
		};
		114B30C61DF90A57008A57F1 /* KodakVer3UITests */ = {
			isa = PBXGroup;
			children = (
				114B30C71DF90A57008A57F1 /* KodakVer3UITests.swift */,
				114B30C91DF90A57008A57F1 /* Info.plist */,
			);
			path = KodakVer3UITests;
			sourceTree = "<group>";
		};
/* End PBXGroup section */

/* Begin PBXNativeTarget section */
		114B30A31DF90A57008A57F1 /* KodakVer3 */ = {
			isa = PBXNativeTarget;
			buildConfigurationList = 114B30CC1DF90A57008A57F1 /* Build configuration list for PBXNativeTarget "KodakVer3" */;
			buildPhases = (
				114B30A01DF90A57008A57F1 /* Sources */,
				114B30A11DF90A57008A57F1 /* Frameworks */,
				114B30A21DF90A57008A57F1 /* Resources */,
			);
			buildRules = (
			);
			dependencies = (
			);
			name = KodakVer3;
			productName = KodakVer3;
			productReference = 114B30A41DF90A57008A57F1 /* KodakVer3.app */;
			productType = "com.apple.product-type.application";
		};
		114B30B71DF90A57008A57F1 /* KodakVer3Tests */ = {
			isa = PBXNativeTarget;
			buildConfigurationList = 114B30CF1DF90A57008A57F1 /* Build configuration list for PBXNativeTarget "KodakVer3Tests" */;
			buildPhases = (
				114B30B41DF90A57008A57F1 /* Sources */,
				114B30B51DF90A57008A57F1 /* Frameworks */,
				114B30B61DF90A57008A57F1 /* Resources */,
			);
			buildRules = (
			);
			dependencies = (
				114B30BA1DF90A57008A57F1 /* PBXTargetDependency */,
			);
			name = KodakVer3Tests;
			productName = KodakVer3Tests;
			productReference = 114B30B81DF90A57008A57F1 /* KodakVer3Tests.xctest */;
			productType = "com.apple.product-type.bundle.unit-test";
		};
		114B30C21DF90A57008A57F1 /* KodakVer3UITests */ = {
			isa = PBXNativeTarget;
			buildConfigurationList = 114B30D21DF90A57008A57F1 /* Build configuration list for PBXNativeTarget "KodakVer3UITests" */;
			buildPhases = (
				114B30BF1DF90A57008A57F1 /* Sources */,
				114B30C01DF90A57008A57F1 /* Frameworks */,
				114B30C11DF90A57008A57F1 /* Resources */,
			);
			buildRules = (
			);
			dependencies = (
				114B30C51DF90A57008A57F1 /* PBXTargetDependency */,
			);
			name = KodakVer3UITests;
			productName = KodakVer3UITests;
			productReference = 114B30C31DF90A57008A57F1 /* KodakVer3UITests.xctest */;
			productType = "com.apple.product-type.bundle.ui-testing";
		};
/* End PBXNativeTarget section */

/* Begin PBXProject section */
		114B309C1DF90A57008A57F1 /* Project object */ = {
			isa = PBXProject;
			attributes = {
				LastSwiftUpdateCheck = 0810;
				LastUpgradeCheck = 0820;
				ORGANIZATIONNAME = jmolas;
				TargetAttributes = {
					114B30A31DF90A57008A57F1 = {
						CreatedOnToolsVersion = 8.1;
						DevelopmentTeam = 5GFTBY65QD;
						ProvisioningStyle = Automatic;
					};
					114B30B71DF90A57008A57F1 = {
						CreatedOnToolsVersion = 8.1;
						ProvisioningStyle = Automatic;
						TestTargetID = 114B30A31DF90A57008A57F1;
					};
					114B30C21DF90A57008A57F1 = {
						CreatedOnToolsVersion = 8.1;
						ProvisioningStyle = Automatic;
						TestTargetID = 114B30A31DF90A57008A57F1;
					};
				};
			};
			buildConfigurationList = 114B309F1DF90A57008A57F1 /* Build configuration list for PBXProject "KodakVer3" */;
			compatibilityVersion = "Xcode 3.2";
			developmentRegion = English;
			hasScannedForEncodings = 0;
			knownRegions = (
				en,
				Base,
			);
			mainGroup = 114B309B1DF90A57008A57F1;
			productRefGroup = 114B30A51DF90A57008A57F1 /* Products */;
			projectDirPath = "";
			projectRoot = "";
			targets = (
				114B30A31DF90A57008A57F1 /* KodakVer3 */,
				114B30B71DF90A57008A57F1 /* KodakVer3Tests */,
				114B30C21DF90A57008A57F1 /* KodakVer3UITests */,
			);
		};
/* End PBXProject section */

/* Begin PBXResourcesBuildPhase section */
		114B30A21DF90A57008A57F1 /* Resources */ = {
			isa = PBXResourcesBuildPhase;
			buildActionMask = 2147483647;
			files = (
				103303351E52AD2A00E7D24C /* ScanSettingsStoryboard.storyboard in Resources */,
				103303411E52ADE900E7D24C /* AirPrintStoryboard.storyboard in Resources */,
				1093B8241E8A58C5000E8670 /* Images-2.xcassets in Resources */,
				103303261E52AC6D00E7D24C /* CopyStoryboard.storyboard in Resources */,
				103303321E52ACFC00E7D24C /* PhotoAdjustmentsStoryboard.storyboard in Resources */,
				1141592B1E83C33F007276CA /* PrintQueueStoryboard.storyboard in Resources */,
				1033032C1E52ACB300E7D24C /* ScanPhotoStoryboard.storyboard in Resources */,
				103303291E52AC8900E7D24C /* ScanDocumentStoryboard.storyboard in Resources */,
				103303471E52AE2200E7D24C /* SoftwareUpdateStoryboard.storyboard in Resources */,
				113123A51E51AC8D0079CEAB /* SettingsStoryboard.storyboard in Resources */,
				1156AAF81E1E2F24009C2493 /* TableViewCell2.xib in Resources */,
				11555D3C1E9CCD9400365346 /* Images.xcassets in Resources */,
				113123A71E51AF400079CEAB /* PhotoPrintSettingsStoryboard.storyboard in Resources */,
				1141592E1E83C33F007276CA /* PrintSettingsPreview.xib in Resources */,
				11CB551E1E95EB9E00EAC722 /* ScanSettingsPreview.xib in Resources */,
				114B30B21DF90A57008A57F1 /* LaunchScreen.storyboard in Resources */,
				10D36C621E5FE0C400D79664 /* CustomCopySecondCell.xib in Resources */,
				10DE83021E72A873001F6FDA /* BrightnessTableViewCell.xib in Resources */,
				103303231E52AC5500E7D24C /* PrintPhotoStoryboard.storyboard in Resources */,
				103303381E52AD8400E7D24C /* NetworkStatusStoryboard.storyboard in Resources */,
				10DE82F71E72A7D9001F6FDA /* PagesPerSideTableViewCell.xib in Resources */,
				1024F7331EA630D5005D8372 /* CustomCopyThirdCell.xib in Resources */,
				1033031A1E52AB5000E7D24C /* DeviceSettingsStoryboard.storyboard in Resources */,
				1033032F1E52ACCE00E7D24C /* AddressPrintStoryboard.storyboard in Resources */,
				1033033B1E52AD9F00E7D24C /* WiFiSetupStoryboard.storyboard in Resources */,
				10DE83061E72A8AE001F6FDA /* HeaderTableViewCell.xib in Resources */,
				114B30AF1DF90A57008A57F1 /* Assets.xcassets in Resources */,
				114B30AD1DF90A57008A57F1 /* Main.storyboard in Resources */,
				103303201E52AC2500E7D24C /* InkLevelStoryboard.storyboard in Resources */,
				1156AAF41E1E2EFC009C2493 /* TableViewCell1.xib in Resources */,
				11699E601E8A463200F56A3E /* PrintQueueTableViewCell.xib in Resources */,
				10DE830A1E72A935001F6FDA /* ItemsTableViewCell.xib in Resources */,
				1033033E1E52ADC100E7D24C /* GCPStoryboard.storyboard in Resources */,
				1033031D1E52AC0300E7D24C /* TermsConditionsStoryboard.storyboard in Resources */,
				103303441E52AE0300E7D24C /* PrinterUtilityStoryboard.storyboard in Resources */,
			);
			runOnlyForDeploymentPostprocessing = 0;
		};
		114B30B61DF90A57008A57F1 /* Resources */ = {
			isa = PBXResourcesBuildPhase;
			buildActionMask = 2147483647;
			files = (
			);
			runOnlyForDeploymentPostprocessing = 0;
		};
		114B30C11DF90A57008A57F1 /* Resources */ = {
			isa = PBXResourcesBuildPhase;
			buildActionMask = 2147483647;
			files = (
			);
			runOnlyForDeploymentPostprocessing = 0;
		};
/* End PBXResourcesBuildPhase section */

/* Begin PBXSourcesBuildPhase section */
		114B30A01DF90A57008A57F1 /* Sources */ = {
			isa = PBXSourcesBuildPhase;
			buildActionMask = 2147483647;
			files = (
				1116A3291E30A92B0038F2E5 /* DetailTableViewCell.swift in Sources */,
				118A67E91E6565BE00B0107C /* BoxBackGround.swift in Sources */,
				11072BBA1E72756600F7CF99 /* CustomCollectionViewCell.swift in Sources */,
				1113B2DE1E66649300CC4BA2 /* SizeHelper.swift in Sources */,
				107B37B71E5FDF08007CA90C /* PrinterUtitlityHome.swift in Sources */,
				10DE82FC1E72A813001F6FDA /* MyTableView.swift in Sources */,
				1158B74F1DFA8655008F081F /* QuickViewController.swift in Sources */,
				10EFBE531E9CC0A800235DBF /* PreviewViewController.swift in Sources */,
				10DE82FE1E72A82F001F6FDA /* ScandocSettingViewController.swift in Sources */,
				107B37AB1E5FDE4E007CA90C /* AirPrint.swift in Sources */,
				10DE82F81E72A7D9001F6FDA /* PagesPerSideViewer.swift in Sources */,
				10CD81811E567A22001815A1 /* HostName.swift in Sources */,
				10B68ABE1E89004800182F0F /* LoadInstructionsViewController.swift in Sources */,
				104F1D3A1E6575AC00532AC3 /* CartridgeSetupStartScan.swift in Sources */,
				113255971E28AC3500A66A9A /* SettingsViewer.swift in Sources */,
				11DB094D1E6028E000B6F317 /* AdjustmentViewController.swift in Sources */,
				10DE83051E72A8AE001F6FDA /* HeaderTableViewCell.swift in Sources */,
				107B37B91E5FDF08007CA90C /* RestoreFactoryDefault.swift in Sources */,
				1073B57A1E669801000C60EB /* CartridgeSetupScanning.swift in Sources */,
				1141592A1E83C33F007276CA /* AddressPrintHomeViewController.swift in Sources */,
				106C69351E6420D700CDA7B6 /* PopUpPaperSizeVC.swift in Sources */,
				10F4969A1E6D350800E10DA1 /* PopUpPaperTypeVC.swift in Sources */,
				10CD81821E567A22001815A1 /* IPAddress.swift in Sources */,
				11715AA61E5AC413005367B9 /* PhotoAssetCollection.swift in Sources */,
				107B37B41E5FDF08007CA90C /* CleanPrinthead.swift in Sources */,
				107B37A61E5FDE30007CA90C /* GCPEnableDisable.swift in Sources */,
				107B37A81E5FDE30007CA90C /* GCPRegisterUnregister.swift in Sources */,
				10EFBE541E9CC0A800235DBF /* ReturnAddressViewController.swift in Sources */,
				1116A3271E3043AC0038F2E5 /* MyUITableViewController.swift in Sources */,
				105FAB181E55794000A180E8 /* SecurityType.swift in Sources */,
				10A4E08F1E604010007724EF /* DirectConnectTime.swift in Sources */,
				1073B5791E669801000C60EB /* CartridgeSetupHelp.swift in Sources */,
				109A952F1E729575004D28FD /* NetworkAndPasswordHelp.swift in Sources */,
				105965E51E531B95003B7CD6 /* NetworkStatus.swift in Sources */,
				109A95301E729575004D28FD /* NetworkAndPasswordSelectedNetworkVC.swift in Sources */,
				10CD81831E567A22001815A1 /* Proxy.swift in Sources */,
				105965ED1E5320C6003B7CD6 /* WiFiSetupHome.swift in Sources */,
				104F1D391E6575AC00532AC3 /* CartridgeSetupPrinting.swift in Sources */,
				1141592F1E83C33F007276CA /* SettingsObject.swift in Sources */,
				114B30D81DF92C44008A57F1 /* PrintPhotoVC.swift in Sources */,
				10D36C641E5FE0C400D79664 /* CustomViewController.swift in Sources */,
				114159321E83CC3B007276CA /* PrintMultiViewController.swift in Sources */,
				11B56EB91E5D69180031108D /* FlickPrintViewController.swift in Sources */,
				10DC00DA1E70D5DA0027DF46 /* NetworkAndPasswordSwitchNetwork.swift in Sources */,
				11054CCE1E4C6FF9001FEA31 /* PrinterSelectPopUp.swift in Sources */,
				10DE83091E72A935001F6FDA /* ItemsTableViewCell.swift in Sources */,
				10D36C681E5FE0F500D79664 /* StandardCopyViewController.swift in Sources */,
				11699E5E1E8A462700F56A3E /* PrintQueueTableViewCell.swift in Sources */,
				114B30DA1DF92D78008A57F1 /* QuickDetailSelector.swift in Sources */,
				107DE2A51E6EB9B10094FA0B /* PopUpDirectConnectTime.swift in Sources */,
				11CB55201E97145B00EAC722 /* ScanSettingsPreview.swift in Sources */,
				11A62A5D1E31AB2D00F12289 /* MyNavBar.swift in Sources */,
				10DE82F61E72A7D9001F6FDA /* PagesPerSideTableViewCell.swift in Sources */,
				11DFF0081E63AE2300C53EB7 /* BoxForeground.swift in Sources */,
				1156AAF31E1E2EFC009C2493 /* TableViewCell1.swift in Sources */,
				11715AA41E5AC3FE005367B9 /* ImageCollectionVC.swift in Sources */,
				107B37B31E5FDF08007CA90C /* CartridgeSetup.swift in Sources */,
				10DE83011E72A873001F6FDA /* BrightnessTableViewCell.swift in Sources */,
				114B30D61DF92BEF008A57F1 /* SettingsMenuVCViewController.swift in Sources */,
				114B30A81DF90A57008A57F1 /* AppDelegate.swift in Sources */,
				10DE82FA1E72A7F8001F6FDA /* PhotoGallery.swift in Sources */,
				107B37B81E5FDF08007CA90C /* PrintReport.swift in Sources */,
				107B37BB1E5FDF1D007CA90C /* SoftwareUpdate.swift in Sources */,
				1158B74D1DFA4A5B008F081F /* MyNavController.swift in Sources */,
				10A4E08C1E603FBB007724EF /* TextFieldMaxLengths.swift in Sources */,
				107B37A91E5FDE30007CA90C /* GCPStatus.swift in Sources */,
				1116A32B1E30BC430038F2E5 /* SettingsTableViewCell.swift in Sources */,
				107B37B51E5FDF08007CA90C /* DeviceSleepTime.swift in Sources */,
				1024F7321EA630D5005D8372 /* CustomCopyThirdCell.swift in Sources */,
				107B37A71E5FDE30007CA90C /* GCPHome.swift in Sources */,
				10D36C631E5FE0C400D79664 /* CustomCopyViewController.swift in Sources */,
				116CE2681E1F445F005687E9 /* MyTableViewDataSource.swift in Sources */,
				1141592C1E83C33F007276CA /* PrintQueueViewController.swift in Sources */,
				11699E621E8A464600F56A3E /* PrintData.swift in Sources */,
				107B37B61E5FDF08007CA90C /* PaperSetup.swift in Sources */,
				11DF48201E36E46A0012AD60 /* FirstCell.swift in Sources */,
				1000F6011E52CDB700DE4B3C /* InkLevel.swift in Sources */,
				1141592D1E83C33F007276CA /* PrintSettingsPreview.swift in Sources */,
				10D36C601E5FE0C400D79664 /* CopyViewController.swift in Sources */,
				103A0DA71E8A5EA10062E730 /* TermsOfUseViewController.swift in Sources */,
				10A630731E54191B00AE1D16 /* NetworkAndPasswordSearchingPrinter.swift in Sources */,
				105965E41E531B95003B7CD6 /* DeviceSettings.swift in Sources */,
				11CFD1251E2F3226008253E6 /* PrintSettingsModel.swift in Sources */,
				10759B2E1E5469BF009E66BC /* NetworkAndPasswordSelectTheNetwork.swift in Sources */,
				1156AAF71E1E2F24009C2493 /* TableViewCell2.swift in Sources */,
				10D36C611E5FE0C400D79664 /* CustomCopySecondCell.swift in Sources */,
				11A8C1AE1E92369300280569 /* ScanDocumentHomeVC.swift in Sources */,
				11F865961E530B1D00326907 /* PrintPhotoHomeVC.swift in Sources */,
				10D36C661E5FE0E200D79664 /* AnonymousPrinterUsageViewController.swift in Sources */,
				10DE830C1E72B294001F6FDA /* FirstViewController.swift in Sources */,
				1158B7511DFA86C1008F081F /* DetailViewController.swift in Sources */,
				104D37E41E83CA9700654166 /* ScanPhotoSettingViewController.swift in Sources */,
				118186E71E249FFA00B40A5F /* MyTableViewDelegate.swift in Sources */,
				10A4E0901E604010007724EF /* FriendlyName.swift in Sources */,
				105FAB171E55794000A180E8 /* NetworkAndPasswordManual.swift in Sources */,
			);
			runOnlyForDeploymentPostprocessing = 0;
		};
		114B30B41DF90A57008A57F1 /* Sources */ = {
			isa = PBXSourcesBuildPhase;
			buildActionMask = 2147483647;
			files = (
				114B30BD1DF90A57008A57F1 /* KodakVer3Tests.swift in Sources */,
			);
			runOnlyForDeploymentPostprocessing = 0;
		};
		114B30BF1DF90A57008A57F1 /* Sources */ = {
			isa = PBXSourcesBuildPhase;
			buildActionMask = 2147483647;
			files = (
				114B30C81DF90A57008A57F1 /* KodakVer3UITests.swift in Sources */,
			);
			runOnlyForDeploymentPostprocessing = 0;
		};
/* End PBXSourcesBuildPhase section */

/* Begin PBXTargetDependency section */
		114B30BA1DF90A57008A57F1 /* PBXTargetDependency */ = {
			isa = PBXTargetDependency;
			target = 114B30A31DF90A57008A57F1 /* KodakVer3 */;
			targetProxy = 114B30B91DF90A57008A57F1 /* PBXContainerItemProxy */;
		};
		114B30C51DF90A57008A57F1 /* PBXTargetDependency */ = {
			isa = PBXTargetDependency;
			target = 114B30A31DF90A57008A57F1 /* KodakVer3 */;
			targetProxy = 114B30C41DF90A57008A57F1 /* PBXContainerItemProxy */;
		};
/* End PBXTargetDependency section */

/* Begin PBXVariantGroup section */
		114B30AB1DF90A57008A57F1 /* Main.storyboard */ = {
			isa = PBXVariantGroup;
			children = (
				114B30AC1DF90A57008A57F1 /* Base */,
			);
			name = Main.storyboard;
			sourceTree = "<group>";
		};
		114B30B01DF90A57008A57F1 /* LaunchScreen.storyboard */ = {
			isa = PBXVariantGroup;
			children = (
				114B30B11DF90A57008A57F1 /* Base */,
			);
			name = LaunchScreen.storyboard;
			sourceTree = "<group>";
		};
/* End PBXVariantGroup section */

/* Begin XCBuildConfiguration section */
		114B30CA1DF90A57008A57F1 /* Debug */ = {
			isa = XCBuildConfiguration;
			buildSettings = {
				ALWAYS_SEARCH_USER_PATHS = NO;
				CLANG_ANALYZER_NONNULL = YES;
				CLANG_CXX_LANGUAGE_STANDARD = "gnu++0x";
				CLANG_CXX_LIBRARY = "libc++";
				CLANG_ENABLE_MODULES = YES;
				CLANG_ENABLE_OBJC_ARC = YES;
				CLANG_WARN_BOOL_CONVERSION = YES;
				CLANG_WARN_CONSTANT_CONVERSION = YES;
				CLANG_WARN_DIRECT_OBJC_ISA_USAGE = YES_ERROR;
				CLANG_WARN_DOCUMENTATION_COMMENTS = YES;
				CLANG_WARN_EMPTY_BODY = YES;
				CLANG_WARN_ENUM_CONVERSION = YES;
				CLANG_WARN_INFINITE_RECURSION = YES;
				CLANG_WARN_INT_CONVERSION = YES;
				CLANG_WARN_OBJC_ROOT_CLASS = YES_ERROR;
				CLANG_WARN_SUSPICIOUS_MOVE = YES;
				CLANG_WARN_SUSPICIOUS_MOVES = YES;
				CLANG_WARN_UNREACHABLE_CODE = YES;
				CLANG_WARN__DUPLICATE_METHOD_MATCH = YES;
				"CODE_SIGN_IDENTITY[sdk=iphoneos*]" = "iPhone Developer";
				COPY_PHASE_STRIP = NO;
				DEBUG_INFORMATION_FORMAT = dwarf;
				ENABLE_STRICT_OBJC_MSGSEND = YES;
				ENABLE_TESTABILITY = YES;
				GCC_C_LANGUAGE_STANDARD = gnu99;
				GCC_DYNAMIC_NO_PIC = NO;
				GCC_NO_COMMON_BLOCKS = YES;
				GCC_OPTIMIZATION_LEVEL = 0;
				GCC_PREPROCESSOR_DEFINITIONS = (
					"DEBUG=1",
					"$(inherited)",
				);
				GCC_WARN_64_TO_32_BIT_CONVERSION = YES;
				GCC_WARN_ABOUT_RETURN_TYPE = YES_ERROR;
				GCC_WARN_UNDECLARED_SELECTOR = YES;
				GCC_WARN_UNINITIALIZED_AUTOS = YES_AGGRESSIVE;
				GCC_WARN_UNUSED_FUNCTION = YES;
				GCC_WARN_UNUSED_VARIABLE = YES;
				IPHONEOS_DEPLOYMENT_TARGET = 8.0;
				MTL_ENABLE_DEBUG_INFO = YES;
				ONLY_ACTIVE_ARCH = YES;
				SDKROOT = iphoneos;
				SWIFT_ACTIVE_COMPILATION_CONDITIONS = DEBUG;
				SWIFT_OPTIMIZATION_LEVEL = "-Onone";
				TARGETED_DEVICE_FAMILY = "1,2";
			};
			name = Debug;
		};
		114B30CB1DF90A57008A57F1 /* Release */ = {
			isa = XCBuildConfiguration;
			buildSettings = {
				ALWAYS_SEARCH_USER_PATHS = NO;
				CLANG_ANALYZER_NONNULL = YES;
				CLANG_CXX_LANGUAGE_STANDARD = "gnu++0x";
				CLANG_CXX_LIBRARY = "libc++";
				CLANG_ENABLE_MODULES = YES;
				CLANG_ENABLE_OBJC_ARC = YES;
				CLANG_WARN_BOOL_CONVERSION = YES;
				CLANG_WARN_CONSTANT_CONVERSION = YES;
				CLANG_WARN_DIRECT_OBJC_ISA_USAGE = YES_ERROR;
				CLANG_WARN_DOCUMENTATION_COMMENTS = YES;
				CLANG_WARN_EMPTY_BODY = YES;
				CLANG_WARN_ENUM_CONVERSION = YES;
				CLANG_WARN_INFINITE_RECURSION = YES;
				CLANG_WARN_INT_CONVERSION = YES;
				CLANG_WARN_OBJC_ROOT_CLASS = YES_ERROR;
				CLANG_WARN_SUSPICIOUS_MOVE = YES;
				CLANG_WARN_SUSPICIOUS_MOVES = YES;
				CLANG_WARN_UNREACHABLE_CODE = YES;
				CLANG_WARN__DUPLICATE_METHOD_MATCH = YES;
				"CODE_SIGN_IDENTITY[sdk=iphoneos*]" = "iPhone Developer";
				COPY_PHASE_STRIP = NO;
				DEBUG_INFORMATION_FORMAT = "dwarf-with-dsym";
				ENABLE_NS_ASSERTIONS = NO;
				ENABLE_STRICT_OBJC_MSGSEND = YES;
				GCC_C_LANGUAGE_STANDARD = gnu99;
				GCC_NO_COMMON_BLOCKS = YES;
				GCC_WARN_64_TO_32_BIT_CONVERSION = YES;
				GCC_WARN_ABOUT_RETURN_TYPE = YES_ERROR;
				GCC_WARN_UNDECLARED_SELECTOR = YES;
				GCC_WARN_UNINITIALIZED_AUTOS = YES_AGGRESSIVE;
				GCC_WARN_UNUSED_FUNCTION = YES;
				GCC_WARN_UNUSED_VARIABLE = YES;
				IPHONEOS_DEPLOYMENT_TARGET = 8.0;
				MTL_ENABLE_DEBUG_INFO = NO;
				SDKROOT = iphoneos;
				SWIFT_OPTIMIZATION_LEVEL = "-Owholemodule";
				TARGETED_DEVICE_FAMILY = "1,2";
				VALIDATE_PRODUCT = YES;
			};
			name = Release;
		};
		114B30CD1DF90A57008A57F1 /* Debug */ = {
			isa = XCBuildConfiguration;
			buildSettings = {
				ASSETCATALOG_COMPILER_APPICON_NAME = "AppIcon-3";
				"CODE_SIGN_IDENTITY[sdk=iphoneos*]" = "iPhone Developer";
				DEVELOPMENT_TEAM = 5GFTBY65QD;
				INFOPLIST_FILE = KodakVer3/Info.plist;
				IPHONEOS_DEPLOYMENT_TARGET = 8.0;
				LD_RUNPATH_SEARCH_PATHS = "$(inherited) @executable_path/Frameworks";
				PRODUCT_BUNDLE_IDENTIFIER = com.sqacebu.KodakVer3.iOS;
				PRODUCT_NAME = "$(TARGET_NAME)";
				SWIFT_VERSION = 3.0;
			};
			name = Debug;
		};
		114B30CE1DF90A57008A57F1 /* Release */ = {
			isa = XCBuildConfiguration;
			buildSettings = {
				ASSETCATALOG_COMPILER_APPICON_NAME = "AppIcon-3";
				"CODE_SIGN_IDENTITY[sdk=iphoneos*]" = "iPhone Developer";
				DEVELOPMENT_TEAM = 5GFTBY65QD;
				INFOPLIST_FILE = KodakVer3/Info.plist;
				IPHONEOS_DEPLOYMENT_TARGET = 8.0;
				LD_RUNPATH_SEARCH_PATHS = "$(inherited) @executable_path/Frameworks";
				PRODUCT_BUNDLE_IDENTIFIER = com.sqacebu.KodakVer3.iOS;
				PRODUCT_NAME = "$(TARGET_NAME)";
				SWIFT_VERSION = 3.0;
			};
			name = Release;
		};
		114B30D01DF90A57008A57F1 /* Debug */ = {
			isa = XCBuildConfiguration;
			buildSettings = {
				ALWAYS_EMBED_SWIFT_STANDARD_LIBRARIES = YES;
				BUNDLE_LOADER = "$(TEST_HOST)";
				INFOPLIST_FILE = KodakVer3Tests/Info.plist;
				LD_RUNPATH_SEARCH_PATHS = "$(inherited) @executable_path/Frameworks @loader_path/Frameworks";
				PRODUCT_BUNDLE_IDENTIFIER = com.jmolas.KodakVer3Tests;
				PRODUCT_NAME = "$(TARGET_NAME)";
				SWIFT_VERSION = 3.0;
				TEST_HOST = "$(BUILT_PRODUCTS_DIR)/KodakVer3.app/KodakVer3";
			};
			name = Debug;
		};
		114B30D11DF90A57008A57F1 /* Release */ = {
			isa = XCBuildConfiguration;
			buildSettings = {
				ALWAYS_EMBED_SWIFT_STANDARD_LIBRARIES = YES;
				BUNDLE_LOADER = "$(TEST_HOST)";
				INFOPLIST_FILE = KodakVer3Tests/Info.plist;
				LD_RUNPATH_SEARCH_PATHS = "$(inherited) @executable_path/Frameworks @loader_path/Frameworks";
				PRODUCT_BUNDLE_IDENTIFIER = com.jmolas.KodakVer3Tests;
				PRODUCT_NAME = "$(TARGET_NAME)";
				SWIFT_VERSION = 3.0;
				TEST_HOST = "$(BUILT_PRODUCTS_DIR)/KodakVer3.app/KodakVer3";
			};
			name = Release;
		};
		114B30D31DF90A57008A57F1 /* Debug */ = {
			isa = XCBuildConfiguration;
			buildSettings = {
				ALWAYS_EMBED_SWIFT_STANDARD_LIBRARIES = YES;
				INFOPLIST_FILE = KodakVer3UITests/Info.plist;
				LD_RUNPATH_SEARCH_PATHS = "$(inherited) @executable_path/Frameworks @loader_path/Frameworks";
				PRODUCT_BUNDLE_IDENTIFIER = com.jmolas.KodakVer3UITests;
				PRODUCT_NAME = "$(TARGET_NAME)";
				SWIFT_VERSION = 3.0;
				TEST_TARGET_NAME = KodakVer3;
			};
			name = Debug;
		};
		114B30D41DF90A57008A57F1 /* Release */ = {
			isa = XCBuildConfiguration;
			buildSettings = {
				ALWAYS_EMBED_SWIFT_STANDARD_LIBRARIES = YES;
				INFOPLIST_FILE = KodakVer3UITests/Info.plist;
				LD_RUNPATH_SEARCH_PATHS = "$(inherited) @executable_path/Frameworks @loader_path/Frameworks";
				PRODUCT_BUNDLE_IDENTIFIER = com.jmolas.KodakVer3UITests;
				PRODUCT_NAME = "$(TARGET_NAME)";
				SWIFT_VERSION = 3.0;
				TEST_TARGET_NAME = KodakVer3;
			};
			name = Release;
		};
/* End XCBuildConfiguration section */

/* Begin XCConfigurationList section */
		114B309F1DF90A57008A57F1 /* Build configuration list for PBXProject "KodakVer3" */ = {
			isa = XCConfigurationList;
			buildConfigurations = (
				114B30CA1DF90A57008A57F1 /* Debug */,
				114B30CB1DF90A57008A57F1 /* Release */,
			);
			defaultConfigurationIsVisible = 0;
			defaultConfigurationName = Release;
		};
		114B30CC1DF90A57008A57F1 /* Build configuration list for PBXNativeTarget "KodakVer3" */ = {
			isa = XCConfigurationList;
			buildConfigurations = (
				114B30CD1DF90A57008A57F1 /* Debug */,
				114B30CE1DF90A57008A57F1 /* Release */,
			);
			defaultConfigurationIsVisible = 0;
			defaultConfigurationName = Release;
		};
		114B30CF1DF90A57008A57F1 /* Build configuration list for PBXNativeTarget "KodakVer3Tests" */ = {
			isa = XCConfigurationList;
			buildConfigurations = (
				114B30D01DF90A57008A57F1 /* Debug */,
				114B30D11DF90A57008A57F1 /* Release */,
			);
			defaultConfigurationIsVisible = 0;
			defaultConfigurationName = Release;
		};
		114B30D21DF90A57008A57F1 /* Build configuration list for PBXNativeTarget "KodakVer3UITests" */ = {
			isa = XCConfigurationList;
			buildConfigurations = (
				114B30D31DF90A57008A57F1 /* Debug */,
				114B30D41DF90A57008A57F1 /* Release */,
			);
			defaultConfigurationIsVisible = 0;
			defaultConfigurationName = Release;
		};
/* End XCConfigurationList section */
	};
	rootObject = 114B309C1DF90A57008A57F1 /* Project object */;
}
