// !$*UTF8*$!
{
	archiveVersion = 1;
	classes = {
	};
	objectVersion = 46;
	objects = {

/* Begin PBXBuildFile section */
		1033031A1E52AB5000E7D24C /* DeviceSettingsStoryboard.storyboard in Resources */ = {isa = PBXBuildFile; fileRef = 103303191E52AB5000E7D24C /* DeviceSettingsStoryboard.storyboard */; };
		1033031D1E52AC0300E7D24C /* TermsConditionsStoryboard.storyboard in Resources */ = {isa = PBXBuildFile; fileRef = 1033031C1E52AC0300E7D24C /* TermsConditionsStoryboard.storyboard */; };
		103303201E52AC2500E7D24C /* InkLevelStoryboard.storyboard in Resources */ = {isa = PBXBuildFile; fileRef = 1033031F1E52AC2500E7D24C /* InkLevelStoryboard.storyboard */; };
		103303231E52AC5500E7D24C /* PrintPhotoStoryboard.storyboard in Resources */ = {isa = PBXBuildFile; fileRef = 103303221E52AC5500E7D24C /* PrintPhotoStoryboard.storyboard */; };
		103303261E52AC6D00E7D24C /* CopyStoryboard.storyboard in Resources */ = {isa = PBXBuildFile; fileRef = 103303251E52AC6D00E7D24C /* CopyStoryboard.storyboard */; };
		103303291E52AC8900E7D24C /* ScanDocumentStoryboard.storyboard in Resources */ = {isa = PBXBuildFile; fileRef = 103303281E52AC8900E7D24C /* ScanDocumentStoryboard.storyboard */; };
		1033032C1E52ACB300E7D24C /* ScanPhotoStoryboard.storyboard in Resources */ = {isa = PBXBuildFile; fileRef = 1033032B1E52ACB300E7D24C /* ScanPhotoStoryboard.storyboard */; };
		1033032F1E52ACCE00E7D24C /* AddressPrintStoryboard.storyboard in Resources */ = {isa = PBXBuildFile; fileRef = 1033032E1E52ACCE00E7D24C /* AddressPrintStoryboard.storyboard */; };
		103303321E52ACFC00E7D24C /* PhotoAdjustmentsStoryboard.storyboard in Resources */ = {isa = PBXBuildFile; fileRef = 103303311E52ACFC00E7D24C /* PhotoAdjustmentsStoryboard.storyboard */; };
		103303351E52AD2A00E7D24C /* ScanSettingsStoryboard.storyboard in Resources */ = {isa = PBXBuildFile; fileRef = 103303341E52AD2A00E7D24C /* ScanSettingsStoryboard.storyboard */; };
		103303381E52AD8400E7D24C /* NetworkStatusStoryboard.storyboard in Resources */ = {isa = PBXBuildFile; fileRef = 103303371E52AD8400E7D24C /* NetworkStatusStoryboard.storyboard */; };
		1033033B1E52AD9F00E7D24C /* WiFiSetupStoryboard.storyboard in Resources */ = {isa = PBXBuildFile; fileRef = 1033033A1E52AD9F00E7D24C /* WiFiSetupStoryboard.storyboard */; };
		1033033E1E52ADC100E7D24C /* GCPStoryboard.storyboard in Resources */ = {isa = PBXBuildFile; fileRef = 1033033D1E52ADC100E7D24C /* GCPStoryboard.storyboard */; };
		103303411E52ADE900E7D24C /* AirPrintStoryboard.storyboard in Resources */ = {isa = PBXBuildFile; fileRef = 103303401E52ADE900E7D24C /* AirPrintStoryboard.storyboard */; };
		103303441E52AE0300E7D24C /* PrinterUtilityStoryboard.storyboard in Resources */ = {isa = PBXBuildFile; fileRef = 103303431E52AE0300E7D24C /* PrinterUtilityStoryboard.storyboard */; };
		103303471E52AE2200E7D24C /* SoftwareUpdateStoryboard.storyboard in Resources */ = {isa = PBXBuildFile; fileRef = 103303461E52AE2200E7D24C /* SoftwareUpdateStoryboard.storyboard */; };
		11054CCE1E4C6FF9001FEA31 /* PrinterSelectPopUp.swift in Sources */ = {isa = PBXBuildFile; fileRef = 11054CCD1E4C6FF9001FEA31 /* PrinterSelectPopUp.swift */; };
		1116A3271E3043AC0038F2E5 /* MyUITableViewController.swift in Sources */ = {isa = PBXBuildFile; fileRef = 1116A3261E3043AC0038F2E5 /* MyUITableViewController.swift */; };
		1116A3291E30A92B0038F2E5 /* DetailTableViewCell.swift in Sources */ = {isa = PBXBuildFile; fileRef = 1116A3281E30A92B0038F2E5 /* DetailTableViewCell.swift */; };
		1116A32B1E30BC430038F2E5 /* SettingsTableViewCell.swift in Sources */ = {isa = PBXBuildFile; fileRef = 1116A32A1E30BC430038F2E5 /* SettingsTableViewCell.swift */; };
		113123A51E51AC8D0079CEAB /* SettingsStoryboard.storyboard in Resources */ = {isa = PBXBuildFile; fileRef = 113123A41E51AC8D0079CEAB /* SettingsStoryboard.storyboard */; };
		113123A71E51AF400079CEAB /* PhotoPrintSettingsStoryboard.storyboard in Resources */ = {isa = PBXBuildFile; fileRef = 113123A61E51AF400079CEAB /* PhotoPrintSettingsStoryboard.storyboard */; };
		113255971E28AC3500A66A9A /* SettingsViewer.swift in Sources */ = {isa = PBXBuildFile; fileRef = 113255961E28AC3500A66A9A /* SettingsViewer.swift */; };
		114B30A81DF90A57008A57F1 /* AppDelegate.swift in Sources */ = {isa = PBXBuildFile; fileRef = 114B30A71DF90A57008A57F1 /* AppDelegate.swift */; };
		114B30AA1DF90A57008A57F1 /* FirstViewController.swift in Sources */ = {isa = PBXBuildFile; fileRef = 114B30A91DF90A57008A57F1 /* FirstViewController.swift */; };
		114B30AD1DF90A57008A57F1 /* Main.storyboard in Resources */ = {isa = PBXBuildFile; fileRef = 114B30AB1DF90A57008A57F1 /* Main.storyboard */; };
		114B30AF1DF90A57008A57F1 /* Assets.xcassets in Resources */ = {isa = PBXBuildFile; fileRef = 114B30AE1DF90A57008A57F1 /* Assets.xcassets */; };
		114B30B21DF90A57008A57F1 /* LaunchScreen.storyboard in Resources */ = {isa = PBXBuildFile; fileRef = 114B30B01DF90A57008A57F1 /* LaunchScreen.storyboard */; };
		114B30BD1DF90A57008A57F1 /* KodakVer3Tests.swift in Sources */ = {isa = PBXBuildFile; fileRef = 114B30BC1DF90A57008A57F1 /* KodakVer3Tests.swift */; };
		114B30C81DF90A57008A57F1 /* KodakVer3UITests.swift in Sources */ = {isa = PBXBuildFile; fileRef = 114B30C71DF90A57008A57F1 /* KodakVer3UITests.swift */; };
		114B30D61DF92BEF008A57F1 /* SettingsMenuVCViewController.swift in Sources */ = {isa = PBXBuildFile; fileRef = 114B30D51DF92BEF008A57F1 /* SettingsMenuVCViewController.swift */; };
		114B30D81DF92C44008A57F1 /* PrintPhotoVC.swift in Sources */ = {isa = PBXBuildFile; fileRef = 114B30D71DF92C44008A57F1 /* PrintPhotoVC.swift */; };
		114B30DA1DF92D78008A57F1 /* QuickDetailSelector.swift in Sources */ = {isa = PBXBuildFile; fileRef = 114B30D91DF92D78008A57F1 /* QuickDetailSelector.swift */; };
		1156AAF31E1E2EFC009C2493 /* TableViewCell1.swift in Sources */ = {isa = PBXBuildFile; fileRef = 1156AAF11E1E2EFC009C2493 /* TableViewCell1.swift */; };
		1156AAF41E1E2EFC009C2493 /* TableViewCell1.xib in Resources */ = {isa = PBXBuildFile; fileRef = 1156AAF21E1E2EFC009C2493 /* TableViewCell1.xib */; };
		1156AAF71E1E2F24009C2493 /* TableViewCell2.swift in Sources */ = {isa = PBXBuildFile; fileRef = 1156AAF51E1E2F24009C2493 /* TableViewCell2.swift */; };
		1156AAF81E1E2F24009C2493 /* TableViewCell2.xib in Resources */ = {isa = PBXBuildFile; fileRef = 1156AAF61E1E2F24009C2493 /* TableViewCell2.xib */; };
		1158B74D1DFA4A5B008F081F /* MyNavController.swift in Sources */ = {isa = PBXBuildFile; fileRef = 1158B74C1DFA4A5B008F081F /* MyNavController.swift */; };
		1158B74F1DFA8655008F081F /* QuickViewController.swift in Sources */ = {isa = PBXBuildFile; fileRef = 1158B74E1DFA8655008F081F /* QuickViewController.swift */; };
		1158B7511DFA86C1008F081F /* DetailViewController.swift in Sources */ = {isa = PBXBuildFile; fileRef = 1158B7501DFA86C1008F081F /* DetailViewController.swift */; };
		116CE2681E1F445F005687E9 /* MyTableViewDataSource.swift in Sources */ = {isa = PBXBuildFile; fileRef = 116CE2671E1F445F005687E9 /* MyTableViewDataSource.swift */; };
		118186E71E249FFA00B40A5F /* MyTableViewDelegate.swift in Sources */ = {isa = PBXBuildFile; fileRef = 118186E61E249FFA00B40A5F /* MyTableViewDelegate.swift */; };
		11A62A5D1E31AB2D00F12289 /* MyNavBar.swift in Sources */ = {isa = PBXBuildFile; fileRef = 11A62A5C1E31AB2D00F12289 /* MyNavBar.swift */; };
		11CFD1251E2F3226008253E6 /* PrintSettingsModel.swift in Sources */ = {isa = PBXBuildFile; fileRef = 11CFD1241E2F3226008253E6 /* PrintSettingsModel.swift */; };
		11DF48201E36E46A0012AD60 /* FirstCell.swift in Sources */ = {isa = PBXBuildFile; fileRef = 11DF481F1E36E46A0012AD60 /* FirstCell.swift */; };
/* End PBXBuildFile section */

/* Begin PBXContainerItemProxy section */
		114B30B91DF90A57008A57F1 /* PBXContainerItemProxy */ = {
			isa = PBXContainerItemProxy;
			containerPortal = 114B309C1DF90A57008A57F1 /* Project object */;
			proxyType = 1;
			remoteGlobalIDString = 114B30A31DF90A57008A57F1;
			remoteInfo = KodakVer3;
		};
		114B30C41DF90A57008A57F1 /* PBXContainerItemProxy */ = {
			isa = PBXContainerItemProxy;
			containerPortal = 114B309C1DF90A57008A57F1 /* Project object */;
			proxyType = 1;
			remoteGlobalIDString = 114B30A31DF90A57008A57F1;
			remoteInfo = KodakVer3;
		};
/* End PBXContainerItemProxy section */

/* Begin PBXFileReference section */
		103303191E52AB5000E7D24C /* DeviceSettingsStoryboard.storyboard */ = {isa = PBXFileReference; fileEncoding = 4; lastKnownFileType = file.storyboard; path = DeviceSettingsStoryboard.storyboard; sourceTree = "<group>"; };
		1033031C1E52AC0300E7D24C /* TermsConditionsStoryboard.storyboard */ = {isa = PBXFileReference; fileEncoding = 4; lastKnownFileType = file.storyboard; path = TermsConditionsStoryboard.storyboard; sourceTree = "<group>"; };
		1033031F1E52AC2500E7D24C /* InkLevelStoryboard.storyboard */ = {isa = PBXFileReference; fileEncoding = 4; lastKnownFileType = file.storyboard; path = InkLevelStoryboard.storyboard; sourceTree = "<group>"; };
		103303221E52AC5500E7D24C /* PrintPhotoStoryboard.storyboard */ = {isa = PBXFileReference; fileEncoding = 4; lastKnownFileType = file.storyboard; path = PrintPhotoStoryboard.storyboard; sourceTree = "<group>"; };
		103303251E52AC6D00E7D24C /* CopyStoryboard.storyboard */ = {isa = PBXFileReference; fileEncoding = 4; lastKnownFileType = file.storyboard; path = CopyStoryboard.storyboard; sourceTree = "<group>"; };
		103303281E52AC8900E7D24C /* ScanDocumentStoryboard.storyboard */ = {isa = PBXFileReference; fileEncoding = 4; lastKnownFileType = file.storyboard; path = ScanDocumentStoryboard.storyboard; sourceTree = "<group>"; };
		1033032B1E52ACB300E7D24C /* ScanPhotoStoryboard.storyboard */ = {isa = PBXFileReference; fileEncoding = 4; lastKnownFileType = file.storyboard; path = ScanPhotoStoryboard.storyboard; sourceTree = "<group>"; };
		1033032E1E52ACCE00E7D24C /* AddressPrintStoryboard.storyboard */ = {isa = PBXFileReference; fileEncoding = 4; lastKnownFileType = file.storyboard; path = AddressPrintStoryboard.storyboard; sourceTree = "<group>"; };
		103303311E52ACFC00E7D24C /* PhotoAdjustmentsStoryboard.storyboard */ = {isa = PBXFileReference; fileEncoding = 4; lastKnownFileType = file.storyboard; path = PhotoAdjustmentsStoryboard.storyboard; sourceTree = "<group>"; };
		103303341E52AD2A00E7D24C /* ScanSettingsStoryboard.storyboard */ = {isa = PBXFileReference; fileEncoding = 4; lastKnownFileType = file.storyboard; path = ScanSettingsStoryboard.storyboard; sourceTree = "<group>"; };
		103303371E52AD8400E7D24C /* NetworkStatusStoryboard.storyboard */ = {isa = PBXFileReference; fileEncoding = 4; lastKnownFileType = file.storyboard; path = NetworkStatusStoryboard.storyboard; sourceTree = "<group>"; };
		1033033A1E52AD9F00E7D24C /* WiFiSetupStoryboard.storyboard */ = {isa = PBXFileReference; fileEncoding = 4; lastKnownFileType = file.storyboard; path = WiFiSetupStoryboard.storyboard; sourceTree = "<group>"; };
		1033033D1E52ADC100E7D24C /* GCPStoryboard.storyboard */ = {isa = PBXFileReference; fileEncoding = 4; lastKnownFileType = file.storyboard; path = GCPStoryboard.storyboard; sourceTree = "<group>"; };
		103303401E52ADE900E7D24C /* AirPrintStoryboard.storyboard */ = {isa = PBXFileReference; fileEncoding = 4; lastKnownFileType = file.storyboard; path = AirPrintStoryboard.storyboard; sourceTree = "<group>"; };
		103303431E52AE0300E7D24C /* PrinterUtilityStoryboard.storyboard */ = {isa = PBXFileReference; fileEncoding = 4; lastKnownFileType = file.storyboard; path = PrinterUtilityStoryboard.storyboard; sourceTree = "<group>"; };
		103303461E52AE2200E7D24C /* SoftwareUpdateStoryboard.storyboard */ = {isa = PBXFileReference; fileEncoding = 4; lastKnownFileType = file.storyboard; path = SoftwareUpdateStoryboard.storyboard; sourceTree = "<group>"; };
		11054CCD1E4C6FF9001FEA31 /* PrinterSelectPopUp.swift */ = {isa = PBXFileReference; fileEncoding = 4; lastKnownFileType = sourcecode.swift; path = PrinterSelectPopUp.swift; sourceTree = "<group>"; };
		1116A3261E3043AC0038F2E5 /* MyUITableViewController.swift */ = {isa = PBXFileReference; fileEncoding = 4; lastKnownFileType = sourcecode.swift; path = MyUITableViewController.swift; sourceTree = "<group>"; };
		1116A3281E30A92B0038F2E5 /* DetailTableViewCell.swift */ = {isa = PBXFileReference; fileEncoding = 4; lastKnownFileType = sourcecode.swift; path = DetailTableViewCell.swift; sourceTree = "<group>"; };
		1116A32A1E30BC430038F2E5 /* SettingsTableViewCell.swift */ = {isa = PBXFileReference; fileEncoding = 4; lastKnownFileType = sourcecode.swift; path = SettingsTableViewCell.swift; sourceTree = "<group>"; };
		113123A41E51AC8D0079CEAB /* SettingsStoryboard.storyboard */ = {isa = PBXFileReference; fileEncoding = 4; lastKnownFileType = file.storyboard; path = SettingsStoryboard.storyboard; sourceTree = "<group>"; };
		113123A61E51AF400079CEAB /* PhotoPrintSettingsStoryboard.storyboard */ = {isa = PBXFileReference; fileEncoding = 4; lastKnownFileType = file.storyboard; path = PhotoPrintSettingsStoryboard.storyboard; sourceTree = "<group>"; };
		113255961E28AC3500A66A9A /* SettingsViewer.swift */ = {isa = PBXFileReference; fileEncoding = 4; lastKnownFileType = sourcecode.swift; path = SettingsViewer.swift; sourceTree = "<group>"; };
		114B30A41DF90A57008A57F1 /* KodakVer3.app */ = {isa = PBXFileReference; explicitFileType = wrapper.application; includeInIndex = 0; path = KodakVer3.app; sourceTree = BUILT_PRODUCTS_DIR; };
		114B30A71DF90A57008A57F1 /* AppDelegate.swift */ = {isa = PBXFileReference; lastKnownFileType = sourcecode.swift; path = AppDelegate.swift; sourceTree = "<group>"; };
		114B30A91DF90A57008A57F1 /* FirstViewController.swift */ = {isa = PBXFileReference; lastKnownFileType = sourcecode.swift; path = FirstViewController.swift; sourceTree = "<group>"; };
		114B30AC1DF90A57008A57F1 /* Base */ = {isa = PBXFileReference; lastKnownFileType = file.storyboard; name = Base; path = Base.lproj/Main.storyboard; sourceTree = "<group>"; };
		114B30AE1DF90A57008A57F1 /* Assets.xcassets */ = {isa = PBXFileReference; lastKnownFileType = folder.assetcatalog; path = Assets.xcassets; sourceTree = "<group>"; };
		114B30B11DF90A57008A57F1 /* Base */ = {isa = PBXFileReference; lastKnownFileType = file.storyboard; name = Base; path = Base.lproj/LaunchScreen.storyboard; sourceTree = "<group>"; };
		114B30B31DF90A57008A57F1 /* Info.plist */ = {isa = PBXFileReference; lastKnownFileType = text.plist.xml; path = Info.plist; sourceTree = "<group>"; };
		114B30B81DF90A57008A57F1 /* KodakVer3Tests.xctest */ = {isa = PBXFileReference; explicitFileType = wrapper.cfbundle; includeInIndex = 0; path = KodakVer3Tests.xctest; sourceTree = BUILT_PRODUCTS_DIR; };
		114B30BC1DF90A57008A57F1 /* KodakVer3Tests.swift */ = {isa = PBXFileReference; lastKnownFileType = sourcecode.swift; path = KodakVer3Tests.swift; sourceTree = "<group>"; };
		114B30BE1DF90A57008A57F1 /* Info.plist */ = {isa = PBXFileReference; lastKnownFileType = text.plist.xml; path = Info.plist; sourceTree = "<group>"; };
		114B30C31DF90A57008A57F1 /* KodakVer3UITests.xctest */ = {isa = PBXFileReference; explicitFileType = wrapper.cfbundle; includeInIndex = 0; path = KodakVer3UITests.xctest; sourceTree = BUILT_PRODUCTS_DIR; };
		114B30C71DF90A57008A57F1 /* KodakVer3UITests.swift */ = {isa = PBXFileReference; lastKnownFileType = sourcecode.swift; path = KodakVer3UITests.swift; sourceTree = "<group>"; };
		114B30C91DF90A57008A57F1 /* Info.plist */ = {isa = PBXFileReference; lastKnownFileType = text.plist.xml; path = Info.plist; sourceTree = "<group>"; };
		114B30D51DF92BEF008A57F1 /* SettingsMenuVCViewController.swift */ = {isa = PBXFileReference; fileEncoding = 4; lastKnownFileType = sourcecode.swift; path = SettingsMenuVCViewController.swift; sourceTree = "<group>"; };
		114B30D71DF92C44008A57F1 /* PrintPhotoVC.swift */ = {isa = PBXFileReference; fileEncoding = 4; lastKnownFileType = sourcecode.swift; path = PrintPhotoVC.swift; sourceTree = "<group>"; };
		114B30D91DF92D78008A57F1 /* QuickDetailSelector.swift */ = {isa = PBXFileReference; fileEncoding = 4; lastKnownFileType = sourcecode.swift; path = QuickDetailSelector.swift; sourceTree = "<group>"; };
		1156AAF11E1E2EFC009C2493 /* TableViewCell1.swift */ = {isa = PBXFileReference; fileEncoding = 4; lastKnownFileType = sourcecode.swift; path = TableViewCell1.swift; sourceTree = "<group>"; };
		1156AAF21E1E2EFC009C2493 /* TableViewCell1.xib */ = {isa = PBXFileReference; fileEncoding = 4; lastKnownFileType = file.xib; path = TableViewCell1.xib; sourceTree = "<group>"; };
		1156AAF51E1E2F24009C2493 /* TableViewCell2.swift */ = {isa = PBXFileReference; fileEncoding = 4; lastKnownFileType = sourcecode.swift; path = TableViewCell2.swift; sourceTree = "<group>"; };
		1156AAF61E1E2F24009C2493 /* TableViewCell2.xib */ = {isa = PBXFileReference; fileEncoding = 4; lastKnownFileType = file.xib; path = TableViewCell2.xib; sourceTree = "<group>"; };
		1158B74C1DFA4A5B008F081F /* MyNavController.swift */ = {isa = PBXFileReference; fileEncoding = 4; lastKnownFileType = sourcecode.swift; path = MyNavController.swift; sourceTree = "<group>"; };
		1158B74E1DFA8655008F081F /* QuickViewController.swift */ = {isa = PBXFileReference; fileEncoding = 4; lastKnownFileType = sourcecode.swift; path = QuickViewController.swift; sourceTree = "<group>"; };
		1158B7501DFA86C1008F081F /* DetailViewController.swift */ = {isa = PBXFileReference; fileEncoding = 4; lastKnownFileType = sourcecode.swift; path = DetailViewController.swift; sourceTree = "<group>"; };
		116CE2671E1F445F005687E9 /* MyTableViewDataSource.swift */ = {isa = PBXFileReference; fileEncoding = 4; lastKnownFileType = sourcecode.swift; path = MyTableViewDataSource.swift; sourceTree = "<group>"; };
		118186E61E249FFA00B40A5F /* MyTableViewDelegate.swift */ = {isa = PBXFileReference; fileEncoding = 4; lastKnownFileType = sourcecode.swift; path = MyTableViewDelegate.swift; sourceTree = "<group>"; };
		11A62A5C1E31AB2D00F12289 /* MyNavBar.swift */ = {isa = PBXFileReference; fileEncoding = 4; lastKnownFileType = sourcecode.swift; path = MyNavBar.swift; sourceTree = "<group>"; };
		11CFD1241E2F3226008253E6 /* PrintSettingsModel.swift */ = {isa = PBXFileReference; fileEncoding = 4; lastKnownFileType = sourcecode.swift; path = PrintSettingsModel.swift; sourceTree = "<group>"; };
		11DF481F1E36E46A0012AD60 /* FirstCell.swift */ = {isa = PBXFileReference; fileEncoding = 4; lastKnownFileType = sourcecode.swift; path = FirstCell.swift; sourceTree = "<group>"; };
/* End PBXFileReference section */

/* Begin PBXFrameworksBuildPhase section */
		114B30A11DF90A57008A57F1 /* Frameworks */ = {
			isa = PBXFrameworksBuildPhase;
			buildActionMask = 2147483647;
			files = (
			);
			runOnlyForDeploymentPostprocessing = 0;
		};
		114B30B51DF90A57008A57F1 /* Frameworks */ = {
			isa = PBXFrameworksBuildPhase;
			buildActionMask = 2147483647;
			files = (
			);
			runOnlyForDeploymentPostprocessing = 0;
		};
		114B30C01DF90A57008A57F1 /* Frameworks */ = {
			isa = PBXFrameworksBuildPhase;
			buildActionMask = 2147483647;
			files = (
			);
			runOnlyForDeploymentPostprocessing = 0;
		};
/* End PBXFrameworksBuildPhase section */

/* Begin PBXGroup section */
		103303171E52AACC00E7D24C /* HomeScreen */ = {
			isa = PBXGroup;
			children = (
				114B30A91DF90A57008A57F1 /* FirstViewController.swift */,
				114B30AB1DF90A57008A57F1 /* Main.storyboard */,
			);
			name = HomeScreen;
			sourceTree = "<group>";
		};
		103303181E52AB1000E7D24C /* DeviceSettingsStoryboard */ = {
			isa = PBXGroup;
			children = (
				103303191E52AB5000E7D24C /* DeviceSettingsStoryboard.storyboard */,
			);
			name = DeviceSettingsStoryboard;
			sourceTree = "<group>";
		};
		1033031B1E52AB5D00E7D24C /* TermsConditionsStoryboard */ = {
			isa = PBXGroup;
			children = (
				1033031C1E52AC0300E7D24C /* TermsConditionsStoryboard.storyboard */,
			);
			name = TermsConditionsStoryboard;
			sourceTree = "<group>";
		};
		1033031E1E52AC0A00E7D24C /* InkLevelStoryboard */ = {
			isa = PBXGroup;
			children = (
				1033031F1E52AC2500E7D24C /* InkLevelStoryboard.storyboard */,
			);
			name = InkLevelStoryboard;
			sourceTree = "<group>";
		};
		103303211E52AC2900E7D24C /* PrintPhotoStoryboard */ = {
			isa = PBXGroup;
			children = (
				103303221E52AC5500E7D24C /* PrintPhotoStoryboard.storyboard */,
			);
			name = PrintPhotoStoryboard;
			sourceTree = "<group>";
		};
		103303241E52AC5A00E7D24C /* CopyStoryboard */ = {
			isa = PBXGroup;
			children = (
				103303251E52AC6D00E7D24C /* CopyStoryboard.storyboard */,
			);
			name = CopyStoryboard;
			sourceTree = "<group>";
		};
		103303271E52AC7700E7D24C /* ScanDocument */ = {
			isa = PBXGroup;
			children = (
				103303281E52AC8900E7D24C /* ScanDocumentStoryboard.storyboard */,
			);
			name = ScanDocument;
			sourceTree = "<group>";
		};
		1033032A1E52AC8F00E7D24C /* ScanPhotoStoryboard */ = {
			isa = PBXGroup;
			children = (
				1033032B1E52ACB300E7D24C /* ScanPhotoStoryboard.storyboard */,
			);
			name = ScanPhotoStoryboard;
			sourceTree = "<group>";
		};
		1033032D1E52ACB900E7D24C /* AddressPrintStoryboard */ = {
			isa = PBXGroup;
			children = (
				1033032E1E52ACCE00E7D24C /* AddressPrintStoryboard.storyboard */,
			);
			name = AddressPrintStoryboard;
			sourceTree = "<group>";
		};
		103303301E52ACE200E7D24C /* PhotoAdjustmentsStoryboard */ = {
			isa = PBXGroup;
			children = (
				103303311E52ACFC00E7D24C /* PhotoAdjustmentsStoryboard.storyboard */,
			);
			name = PhotoAdjustmentsStoryboard;
			sourceTree = "<group>";
		};
		103303331E52AD0200E7D24C /* ScanSettingsStoryboard */ = {
			isa = PBXGroup;
			children = (
				103303341E52AD2A00E7D24C /* ScanSettingsStoryboard.storyboard */,
			);
			name = ScanSettingsStoryboard;
			sourceTree = "<group>";
		};
		103303361E52AD4000E7D24C /* NetworkStatusStoryboard */ = {
			isa = PBXGroup;
			children = (
				103303371E52AD8400E7D24C /* NetworkStatusStoryboard.storyboard */,
			);
			name = NetworkStatusStoryboard;
			sourceTree = "<group>";
		};
		103303391E52AD8800E7D24C /* WiFiSetupStoryboard */ = {
			isa = PBXGroup;
			children = (
				1033033A1E52AD9F00E7D24C /* WiFiSetupStoryboard.storyboard */,
			);
			name = WiFiSetupStoryboard;
			sourceTree = "<group>";
		};
		1033033C1E52ADA900E7D24C /* GCPStoryboard */ = {
			isa = PBXGroup;
			children = (
				1033033D1E52ADC100E7D24C /* GCPStoryboard.storyboard */,
			);
			name = GCPStoryboard;
			sourceTree = "<group>";
		};
		1033033F1E52ADC500E7D24C /* AirPrintStoryboard */ = {
			isa = PBXGroup;
			children = (
				103303401E52ADE900E7D24C /* AirPrintStoryboard.storyboard */,
			);
			name = AirPrintStoryboard;
			sourceTree = "<group>";
		};
		103303421E52ADEE00E7D24C /* PrinterUtilityStoryboard */ = {
			isa = PBXGroup;
			children = (
				103303431E52AE0300E7D24C /* PrinterUtilityStoryboard.storyboard */,
			);
			name = PrinterUtilityStoryboard;
			sourceTree = "<group>";
		};
		103303451E52AE1200E7D24C /* SoftwareUpdate */ = {
			isa = PBXGroup;
			children = (
				103303461E52AE2200E7D24C /* SoftwareUpdateStoryboard.storyboard */,
			);
			name = SoftwareUpdate;
			sourceTree = "<group>";
		};
		113123A31E51AC410079CEAB /* SettingsStoryboard */ = {
			isa = PBXGroup;
			children = (
				113123A41E51AC8D0079CEAB /* SettingsStoryboard.storyboard */,
				114B30D51DF92BEF008A57F1 /* SettingsMenuVCViewController.swift */,
			);
			name = SettingsStoryboard;
			sourceTree = "<group>";
		};
		113123A81E51AF590079CEAB /* PhotoPrintSettingsStoryboard */ = {
			isa = PBXGroup;
			children = (
				113123A61E51AF400079CEAB /* PhotoPrintSettingsStoryboard.storyboard */,
				114B30D71DF92C44008A57F1 /* PrintPhotoVC.swift */,
				1158B74E1DFA8655008F081F /* QuickViewController.swift */,
				1158B7501DFA86C1008F081F /* DetailViewController.swift */,
			);
			name = PhotoPrintSettingsStoryboard;
			sourceTree = "<group>";
		};
		114B309B1DF90A57008A57F1 = {
			isa = PBXGroup;
			children = (
				114B30A61DF90A57008A57F1 /* KodakVer3 */,
				114B30BB1DF90A57008A57F1 /* KodakVer3Tests */,
				114B30C61DF90A57008A57F1 /* KodakVer3UITests */,
				114B30A51DF90A57008A57F1 /* Products */,
			);
			sourceTree = "<group>";
		};
		114B30A51DF90A57008A57F1 /* Products */ = {
			isa = PBXGroup;
			children = (
				114B30A41DF90A57008A57F1 /* KodakVer3.app */,
				114B30B81DF90A57008A57F1 /* KodakVer3Tests.xctest */,
				114B30C31DF90A57008A57F1 /* KodakVer3UITests.xctest */,
			);
			name = Products;
			sourceTree = "<group>";
		};
		114B30A61DF90A57008A57F1 /* KodakVer3 */ = {
			isa = PBXGroup;
			children = (
				103303451E52AE1200E7D24C /* SoftwareUpdate */,
				103303421E52ADEE00E7D24C /* PrinterUtilityStoryboard */,
				1033033F1E52ADC500E7D24C /* AirPrintStoryboard */,
				1033033C1E52ADA900E7D24C /* GCPStoryboard */,
				103303391E52AD8800E7D24C /* WiFiSetupStoryboard */,
				103303361E52AD4000E7D24C /* NetworkStatusStoryboard */,
				103303331E52AD0200E7D24C /* ScanSettingsStoryboard */,
				103303301E52ACE200E7D24C /* PhotoAdjustmentsStoryboard */,
				1033032D1E52ACB900E7D24C /* AddressPrintStoryboard */,
				1033032A1E52AC8F00E7D24C /* ScanPhotoStoryboard */,
				103303271E52AC7700E7D24C /* ScanDocument */,
				103303241E52AC5A00E7D24C /* CopyStoryboard */,
				103303211E52AC2900E7D24C /* PrintPhotoStoryboard */,
				1033031E1E52AC0A00E7D24C /* InkLevelStoryboard */,
				1033031B1E52AB5D00E7D24C /* TermsConditionsStoryboard */,
				103303181E52AB1000E7D24C /* DeviceSettingsStoryboard */,
				103303171E52AACC00E7D24C /* HomeScreen */,
				113123A81E51AF590079CEAB /* PhotoPrintSettingsStoryboard */,
				113123A31E51AC410079CEAB /* SettingsStoryboard */,
				11054CCD1E4C6FF9001FEA31 /* PrinterSelectPopUp.swift */,
				114B30A71DF90A57008A57F1 /* AppDelegate.swift */,
				1156AAF11E1E2EFC009C2493 /* TableViewCell1.swift */,
				1156AAF21E1E2EFC009C2493 /* TableViewCell1.xib */,
				1156AAF51E1E2F24009C2493 /* TableViewCell2.swift */,
				1156AAF61E1E2F24009C2493 /* TableViewCell2.xib */,
				114B30AE1DF90A57008A57F1 /* Assets.xcassets */,
				114B30B01DF90A57008A57F1 /* LaunchScreen.storyboard */,
				114B30B31DF90A57008A57F1 /* Info.plist */,
				114B30D91DF92D78008A57F1 /* QuickDetailSelector.swift */,
				1158B74C1DFA4A5B008F081F /* MyNavController.swift */,
				11A62A5C1E31AB2D00F12289 /* MyNavBar.swift */,
				116CE2671E1F445F005687E9 /* MyTableViewDataSource.swift */,
				118186E61E249FFA00B40A5F /* MyTableViewDelegate.swift */,
				113255961E28AC3500A66A9A /* SettingsViewer.swift */,
				11CFD1241E2F3226008253E6 /* PrintSettingsModel.swift */,
				1116A3261E3043AC0038F2E5 /* MyUITableViewController.swift */,
				1116A3281E30A92B0038F2E5 /* DetailTableViewCell.swift */,
				1116A32A1E30BC430038F2E5 /* SettingsTableViewCell.swift */,
				11DF481F1E36E46A0012AD60 /* FirstCell.swift */,
			);
			path = KodakVer3;
			sourceTree = "<group>";
		};
		114B30BB1DF90A57008A57F1 /* KodakVer3Tests */ = {
			isa = PBXGroup;
			children = (
				114B30BC1DF90A57008A57F1 /* KodakVer3Tests.swift */,
				114B30BE1DF90A57008A57F1 /* Info.plist */,
			);
			path = KodakVer3Tests;
			sourceTree = "<group>";
		};
		114B30C61DF90A57008A57F1 /* KodakVer3UITests */ = {
			isa = PBXGroup;
			children = (
				114B30C71DF90A57008A57F1 /* KodakVer3UITests.swift */,
				114B30C91DF90A57008A57F1 /* Info.plist */,
			);
			path = KodakVer3UITests;
			sourceTree = "<group>";
		};
/* End PBXGroup section */

/* Begin PBXNativeTarget section */
		114B30A31DF90A57008A57F1 /* KodakVer3 */ = {
			isa = PBXNativeTarget;
			buildConfigurationList = 114B30CC1DF90A57008A57F1 /* Build configuration list for PBXNativeTarget "KodakVer3" */;
			buildPhases = (
				114B30A01DF90A57008A57F1 /* Sources */,
				114B30A11DF90A57008A57F1 /* Frameworks */,
				114B30A21DF90A57008A57F1 /* Resources */,
			);
			buildRules = (
			);
			dependencies = (
			);
			name = KodakVer3;
			productName = KodakVer3;
			productReference = 114B30A41DF90A57008A57F1 /* KodakVer3.app */;
			productType = "com.apple.product-type.application";
		};
		114B30B71DF90A57008A57F1 /* KodakVer3Tests */ = {
			isa = PBXNativeTarget;
			buildConfigurationList = 114B30CF1DF90A57008A57F1 /* Build configuration list for PBXNativeTarget "KodakVer3Tests" */;
			buildPhases = (
				114B30B41DF90A57008A57F1 /* Sources */,
				114B30B51DF90A57008A57F1 /* Frameworks */,
				114B30B61DF90A57008A57F1 /* Resources */,
			);
			buildRules = (
			);
			dependencies = (
				114B30BA1DF90A57008A57F1 /* PBXTargetDependency */,
			);
			name = KodakVer3Tests;
			productName = KodakVer3Tests;
			productReference = 114B30B81DF90A57008A57F1 /* KodakVer3Tests.xctest */;
			productType = "com.apple.product-type.bundle.unit-test";
		};
		114B30C21DF90A57008A57F1 /* KodakVer3UITests */ = {
			isa = PBXNativeTarget;
			buildConfigurationList = 114B30D21DF90A57008A57F1 /* Build configuration list for PBXNativeTarget "KodakVer3UITests" */;
			buildPhases = (
				114B30BF1DF90A57008A57F1 /* Sources */,
				114B30C01DF90A57008A57F1 /* Frameworks */,
				114B30C11DF90A57008A57F1 /* Resources */,
			);
			buildRules = (
			);
			dependencies = (
				114B30C51DF90A57008A57F1 /* PBXTargetDependency */,
			);
			name = KodakVer3UITests;
			productName = KodakVer3UITests;
			productReference = 114B30C31DF90A57008A57F1 /* KodakVer3UITests.xctest */;
			productType = "com.apple.product-type.bundle.ui-testing";
		};
/* End PBXNativeTarget section */

/* Begin PBXProject section */
		114B309C1DF90A57008A57F1 /* Project object */ = {
			isa = PBXProject;
			attributes = {
				LastSwiftUpdateCheck = 0810;
				LastUpgradeCheck = 0810;
				ORGANIZATIONNAME = jmolas;
				TargetAttributes = {
					114B30A31DF90A57008A57F1 = {
						CreatedOnToolsVersion = 8.1;
						DevelopmentTeam = MQ489N5BME;
						ProvisioningStyle = Automatic;
					};
					114B30B71DF90A57008A57F1 = {
						CreatedOnToolsVersion = 8.1;
						ProvisioningStyle = Automatic;
						TestTargetID = 114B30A31DF90A57008A57F1;
					};
					114B30C21DF90A57008A57F1 = {
						CreatedOnToolsVersion = 8.1;
						ProvisioningStyle = Automatic;
						TestTargetID = 114B30A31DF90A57008A57F1;
					};
				};
			};
			buildConfigurationList = 114B309F1DF90A57008A57F1 /* Build configuration list for PBXProject "KodakVer3" */;
			compatibilityVersion = "Xcode 3.2";
			developmentRegion = English;
			hasScannedForEncodings = 0;
			knownRegions = (
				en,
				Base,
			);
			mainGroup = 114B309B1DF90A57008A57F1;
			productRefGroup = 114B30A51DF90A57008A57F1 /* Products */;
			projectDirPath = "";
			projectRoot = "";
			targets = (
				114B30A31DF90A57008A57F1 /* KodakVer3 */,
				114B30B71DF90A57008A57F1 /* KodakVer3Tests */,
				114B30C21DF90A57008A57F1 /* KodakVer3UITests */,
			);
		};
/* End PBXProject section */

/* Begin PBXResourcesBuildPhase section */
		114B30A21DF90A57008A57F1 /* Resources */ = {
			isa = PBXResourcesBuildPhase;
			buildActionMask = 2147483647;
			files = (
				103303351E52AD2A00E7D24C /* ScanSettingsStoryboard.storyboard in Resources */,
				103303411E52ADE900E7D24C /* AirPrintStoryboard.storyboard in Resources */,
				103303261E52AC6D00E7D24C /* CopyStoryboard.storyboard in Resources */,
				103303321E52ACFC00E7D24C /* PhotoAdjustmentsStoryboard.storyboard in Resources */,
				1033032C1E52ACB300E7D24C /* ScanPhotoStoryboard.storyboard in Resources */,
				103303291E52AC8900E7D24C /* ScanDocumentStoryboard.storyboard in Resources */,
				103303471E52AE2200E7D24C /* SoftwareUpdateStoryboard.storyboard in Resources */,
				113123A51E51AC8D0079CEAB /* SettingsStoryboard.storyboard in Resources */,
				1156AAF81E1E2F24009C2493 /* TableViewCell2.xib in Resources */,
				113123A71E51AF400079CEAB /* PhotoPrintSettingsStoryboard.storyboard in Resources */,
				114B30B21DF90A57008A57F1 /* LaunchScreen.storyboard in Resources */,
				103303231E52AC5500E7D24C /* PrintPhotoStoryboard.storyboard in Resources */,
				103303381E52AD8400E7D24C /* NetworkStatusStoryboard.storyboard in Resources */,
				1033031A1E52AB5000E7D24C /* DeviceSettingsStoryboard.storyboard in Resources */,
				1033032F1E52ACCE00E7D24C /* AddressPrintStoryboard.storyboard in Resources */,
				1033033B1E52AD9F00E7D24C /* WiFiSetupStoryboard.storyboard in Resources */,
				114B30AF1DF90A57008A57F1 /* Assets.xcassets in Resources */,
				114B30AD1DF90A57008A57F1 /* Main.storyboard in Resources */,
				103303201E52AC2500E7D24C /* InkLevelStoryboard.storyboard in Resources */,
				1156AAF41E1E2EFC009C2493 /* TableViewCell1.xib in Resources */,
				1033033E1E52ADC100E7D24C /* GCPStoryboard.storyboard in Resources */,
				1033031D1E52AC0300E7D24C /* TermsConditionsStoryboard.storyboard in Resources */,
				103303441E52AE0300E7D24C /* PrinterUtilityStoryboard.storyboard in Resources */,
			);
			runOnlyForDeploymentPostprocessing = 0;
		};
		114B30B61DF90A57008A57F1 /* Resources */ = {
			isa = PBXResourcesBuildPhase;
			buildActionMask = 2147483647;
			files = (
			);
			runOnlyForDeploymentPostprocessing = 0;
		};
		114B30C11DF90A57008A57F1 /* Resources */ = {
			isa = PBXResourcesBuildPhase;
			buildActionMask = 2147483647;
			files = (
			);
			runOnlyForDeploymentPostprocessing = 0;
		};
/* End PBXResourcesBuildPhase section */

/* Begin PBXSourcesBuildPhase section */
		114B30A01DF90A57008A57F1 /* Sources */ = {
			isa = PBXSourcesBuildPhase;
			buildActionMask = 2147483647;
			files = (
				1116A3291E30A92B0038F2E5 /* DetailTableViewCell.swift in Sources */,
				1158B74F1DFA8655008F081F /* QuickViewController.swift in Sources */,
				113255971E28AC3500A66A9A /* SettingsViewer.swift in Sources */,
				1116A3271E3043AC0038F2E5 /* MyUITableViewController.swift in Sources */,
				114B30AA1DF90A57008A57F1 /* FirstViewController.swift in Sources */,
				114B30D81DF92C44008A57F1 /* PrintPhotoVC.swift in Sources */,
				11054CCE1E4C6FF9001FEA31 /* PrinterSelectPopUp.swift in Sources */,
				114B30DA1DF92D78008A57F1 /* QuickDetailSelector.swift in Sources */,
				11A62A5D1E31AB2D00F12289 /* MyNavBar.swift in Sources */,
				1156AAF31E1E2EFC009C2493 /* TableViewCell1.swift in Sources */,
				114B30D61DF92BEF008A57F1 /* SettingsMenuVCViewController.swift in Sources */,
				114B30A81DF90A57008A57F1 /* AppDelegate.swift in Sources */,
				1158B74D1DFA4A5B008F081F /* MyNavController.swift in Sources */,
				1116A32B1E30BC430038F2E5 /* SettingsTableViewCell.swift in Sources */,
				116CE2681E1F445F005687E9 /* MyTableViewDataSource.swift in Sources */,
				11DF48201E36E46A0012AD60 /* FirstCell.swift in Sources */,
				11CFD1251E2F3226008253E6 /* PrintSettingsModel.swift in Sources */,
				1156AAF71E1E2F24009C2493 /* TableViewCell2.swift in Sources */,
				1158B7511DFA86C1008F081F /* DetailViewController.swift in Sources */,
				118186E71E249FFA00B40A5F /* MyTableViewDelegate.swift in Sources */,
			);
			runOnlyForDeploymentPostprocessing = 0;
		};
		114B30B41DF90A57008A57F1 /* Sources */ = {
			isa = PBXSourcesBuildPhase;
			buildActionMask = 2147483647;
			files = (
				114B30BD1DF90A57008A57F1 /* KodakVer3Tests.swift in Sources */,
			);
			runOnlyForDeploymentPostprocessing = 0;
		};
		114B30BF1DF90A57008A57F1 /* Sources */ = {
			isa = PBXSourcesBuildPhase;
			buildActionMask = 2147483647;
			files = (
				114B30C81DF90A57008A57F1 /* KodakVer3UITests.swift in Sources */,
			);
			runOnlyForDeploymentPostprocessing = 0;
		};
/* End PBXSourcesBuildPhase section */

/* Begin PBXTargetDependency section */
		114B30BA1DF90A57008A57F1 /* PBXTargetDependency */ = {
			isa = PBXTargetDependency;
			target = 114B30A31DF90A57008A57F1 /* KodakVer3 */;
			targetProxy = 114B30B91DF90A57008A57F1 /* PBXContainerItemProxy */;
		};
		114B30C51DF90A57008A57F1 /* PBXTargetDependency */ = {
			isa = PBXTargetDependency;
			target = 114B30A31DF90A57008A57F1 /* KodakVer3 */;
			targetProxy = 114B30C41DF90A57008A57F1 /* PBXContainerItemProxy */;
		};
/* End PBXTargetDependency section */

/* Begin PBXVariantGroup section */
		114B30AB1DF90A57008A57F1 /* Main.storyboard */ = {
			isa = PBXVariantGroup;
			children = (
				114B30AC1DF90A57008A57F1 /* Base */,
			);
			name = Main.storyboard;
			sourceTree = "<group>";
		};
		114B30B01DF90A57008A57F1 /* LaunchScreen.storyboard */ = {
			isa = PBXVariantGroup;
			children = (
				114B30B11DF90A57008A57F1 /* Base */,
			);
			name = LaunchScreen.storyboard;
			sourceTree = "<group>";
		};
/* End PBXVariantGroup section */

/* Begin XCBuildConfiguration section */
		114B30CA1DF90A57008A57F1 /* Debug */ = {
			isa = XCBuildConfiguration;
			buildSettings = {
				ALWAYS_SEARCH_USER_PATHS = NO;
				CLANG_ANALYZER_NONNULL = YES;
				CLANG_CXX_LANGUAGE_STANDARD = "gnu++0x";
				CLANG_CXX_LIBRARY = "libc++";
				CLANG_ENABLE_MODULES = YES;
				CLANG_ENABLE_OBJC_ARC = YES;
				CLANG_WARN_BOOL_CONVERSION = YES;
				CLANG_WARN_CONSTANT_CONVERSION = YES;
				CLANG_WARN_DIRECT_OBJC_ISA_USAGE = YES_ERROR;
				CLANG_WARN_DOCUMENTATION_COMMENTS = YES;
				CLANG_WARN_EMPTY_BODY = YES;
				CLANG_WARN_ENUM_CONVERSION = YES;
				CLANG_WARN_INFINITE_RECURSION = YES;
				CLANG_WARN_INT_CONVERSION = YES;
				CLANG_WARN_OBJC_ROOT_CLASS = YES_ERROR;
				CLANG_WARN_SUSPICIOUS_MOVES = YES;
				CLANG_WARN_UNREACHABLE_CODE = YES;
				CLANG_WARN__DUPLICATE_METHOD_MATCH = YES;
				"CODE_SIGN_IDENTITY[sdk=iphoneos*]" = "iPhone Developer";
				COPY_PHASE_STRIP = NO;
				DEBUG_INFORMATION_FORMAT = dwarf;
				ENABLE_STRICT_OBJC_MSGSEND = YES;
				ENABLE_TESTABILITY = YES;
				GCC_C_LANGUAGE_STANDARD = gnu99;
				GCC_DYNAMIC_NO_PIC = NO;
				GCC_NO_COMMON_BLOCKS = YES;
				GCC_OPTIMIZATION_LEVEL = 0;
				GCC_PREPROCESSOR_DEFINITIONS = (
					"DEBUG=1",
					"$(inherited)",
				);
				GCC_WARN_64_TO_32_BIT_CONVERSION = YES;
				GCC_WARN_ABOUT_RETURN_TYPE = YES_ERROR;
				GCC_WARN_UNDECLARED_SELECTOR = YES;
				GCC_WARN_UNINITIALIZED_AUTOS = YES_AGGRESSIVE;
				GCC_WARN_UNUSED_FUNCTION = YES;
				GCC_WARN_UNUSED_VARIABLE = YES;
				IPHONEOS_DEPLOYMENT_TARGET = 10.1;
				MTL_ENABLE_DEBUG_INFO = YES;
				ONLY_ACTIVE_ARCH = YES;
				SDKROOT = iphoneos;
				SWIFT_ACTIVE_COMPILATION_CONDITIONS = DEBUG;
				SWIFT_OPTIMIZATION_LEVEL = "-Onone";
				TARGETED_DEVICE_FAMILY = "1,2";
			};
			name = Debug;
		};
		114B30CB1DF90A57008A57F1 /* Release */ = {
			isa = XCBuildConfiguration;
			buildSettings = {
				ALWAYS_SEARCH_USER_PATHS = NO;
				CLANG_ANALYZER_NONNULL = YES;
				CLANG_CXX_LANGUAGE_STANDARD = "gnu++0x";
				CLANG_CXX_LIBRARY = "libc++";
				CLANG_ENABLE_MODULES = YES;
				CLANG_ENABLE_OBJC_ARC = YES;
				CLANG_WARN_BOOL_CONVERSION = YES;
				CLANG_WARN_CONSTANT_CONVERSION = YES;
				CLANG_WARN_DIRECT_OBJC_ISA_USAGE = YES_ERROR;
				CLANG_WARN_DOCUMENTATION_COMMENTS = YES;
				CLANG_WARN_EMPTY_BODY = YES;
				CLANG_WARN_ENUM_CONVERSION = YES;
				CLANG_WARN_INFINITE_RECURSION = YES;
				CLANG_WARN_INT_CONVERSION = YES;
				CLANG_WARN_OBJC_ROOT_CLASS = YES_ERROR;
				CLANG_WARN_SUSPICIOUS_MOVES = YES;
				CLANG_WARN_UNREACHABLE_CODE = YES;
				CLANG_WARN__DUPLICATE_METHOD_MATCH = YES;
				"CODE_SIGN_IDENTITY[sdk=iphoneos*]" = "iPhone Developer";
				COPY_PHASE_STRIP = NO;
				DEBUG_INFORMATION_FORMAT = "dwarf-with-dsym";
				ENABLE_NS_ASSERTIONS = NO;
				ENABLE_STRICT_OBJC_MSGSEND = YES;
				GCC_C_LANGUAGE_STANDARD = gnu99;
				GCC_NO_COMMON_BLOCKS = YES;
				GCC_WARN_64_TO_32_BIT_CONVERSION = YES;
				GCC_WARN_ABOUT_RETURN_TYPE = YES_ERROR;
				GCC_WARN_UNDECLARED_SELECTOR = YES;
				GCC_WARN_UNINITIALIZED_AUTOS = YES_AGGRESSIVE;
				GCC_WARN_UNUSED_FUNCTION = YES;
				GCC_WARN_UNUSED_VARIABLE = YES;
				IPHONEOS_DEPLOYMENT_TARGET = 10.1;
				MTL_ENABLE_DEBUG_INFO = NO;
				SDKROOT = iphoneos;
				SWIFT_OPTIMIZATION_LEVEL = "-Owholemodule";
				TARGETED_DEVICE_FAMILY = "1,2";
				VALIDATE_PRODUCT = YES;
			};
			name = Release;
		};
		114B30CD1DF90A57008A57F1 /* Debug */ = {
			isa = XCBuildConfiguration;
			buildSettings = {
				ASSETCATALOG_COMPILER_APPICON_NAME = AppIcon;
				"CODE_SIGN_IDENTITY[sdk=iphoneos*]" = "iPhone Developer";
				DEVELOPMENT_TEAM = MQ489N5BME;
				INFOPLIST_FILE = KodakVer3/Info.plist;
				IPHONEOS_DEPLOYMENT_TARGET = 9.0;
				LD_RUNPATH_SEARCH_PATHS = "$(inherited) @executable_path/Frameworks";
				PRODUCT_BUNDLE_IDENTIFIER = com.sqacebu.KodakVer3;
				PRODUCT_NAME = "$(TARGET_NAME)";
				SWIFT_VERSION = 3.0;
			};
			name = Debug;
		};
		114B30CE1DF90A57008A57F1 /* Release */ = {
			isa = XCBuildConfiguration;
			buildSettings = {
				ASSETCATALOG_COMPILER_APPICON_NAME = AppIcon;
				"CODE_SIGN_IDENTITY[sdk=iphoneos*]" = "iPhone Developer";
				DEVELOPMENT_TEAM = MQ489N5BME;
				INFOPLIST_FILE = KodakVer3/Info.plist;
				IPHONEOS_DEPLOYMENT_TARGET = 9.0;
				LD_RUNPATH_SEARCH_PATHS = "$(inherited) @executable_path/Frameworks";
				PRODUCT_BUNDLE_IDENTIFIER = com.sqacebu.KodakVer3;
				PRODUCT_NAME = "$(TARGET_NAME)";
				SWIFT_VERSION = 3.0;
			};
			name = Release;
		};
		114B30D01DF90A57008A57F1 /* Debug */ = {
			isa = XCBuildConfiguration;
			buildSettings = {
				ALWAYS_EMBED_SWIFT_STANDARD_LIBRARIES = YES;
				BUNDLE_LOADER = "$(TEST_HOST)";
				INFOPLIST_FILE = KodakVer3Tests/Info.plist;
				LD_RUNPATH_SEARCH_PATHS = "$(inherited) @executable_path/Frameworks @loader_path/Frameworks";
				PRODUCT_BUNDLE_IDENTIFIER = com.jmolas.KodakVer3Tests;
				PRODUCT_NAME = "$(TARGET_NAME)";
				SWIFT_VERSION = 3.0;
				TEST_HOST = "$(BUILT_PRODUCTS_DIR)/KodakVer3.app/KodakVer3";
			};
			name = Debug;
		};
		114B30D11DF90A57008A57F1 /* Release */ = {
			isa = XCBuildConfiguration;
			buildSettings = {
				ALWAYS_EMBED_SWIFT_STANDARD_LIBRARIES = YES;
				BUNDLE_LOADER = "$(TEST_HOST)";
				INFOPLIST_FILE = KodakVer3Tests/Info.plist;
				LD_RUNPATH_SEARCH_PATHS = "$(inherited) @executable_path/Frameworks @loader_path/Frameworks";
				PRODUCT_BUNDLE_IDENTIFIER = com.jmolas.KodakVer3Tests;
				PRODUCT_NAME = "$(TARGET_NAME)";
				SWIFT_VERSION = 3.0;
				TEST_HOST = "$(BUILT_PRODUCTS_DIR)/KodakVer3.app/KodakVer3";
			};
			name = Release;
		};
		114B30D31DF90A57008A57F1 /* Debug */ = {
			isa = XCBuildConfiguration;
			buildSettings = {
				ALWAYS_EMBED_SWIFT_STANDARD_LIBRARIES = YES;
				INFOPLIST_FILE = KodakVer3UITests/Info.plist;
				LD_RUNPATH_SEARCH_PATHS = "$(inherited) @executable_path/Frameworks @loader_path/Frameworks";
				PRODUCT_BUNDLE_IDENTIFIER = com.jmolas.KodakVer3UITests;
				PRODUCT_NAME = "$(TARGET_NAME)";
				SWIFT_VERSION = 3.0;
				TEST_TARGET_NAME = KodakVer3;
			};
			name = Debug;
		};
		114B30D41DF90A57008A57F1 /* Release */ = {
			isa = XCBuildConfiguration;
			buildSettings = {
				ALWAYS_EMBED_SWIFT_STANDARD_LIBRARIES = YES;
				INFOPLIST_FILE = KodakVer3UITests/Info.plist;
				LD_RUNPATH_SEARCH_PATHS = "$(inherited) @executable_path/Frameworks @loader_path/Frameworks";
				PRODUCT_BUNDLE_IDENTIFIER = com.jmolas.KodakVer3UITests;
				PRODUCT_NAME = "$(TARGET_NAME)";
				SWIFT_VERSION = 3.0;
				TEST_TARGET_NAME = KodakVer3;
			};
			name = Release;
		};
/* End XCBuildConfiguration section */

/* Begin XCConfigurationList section */
		114B309F1DF90A57008A57F1 /* Build configuration list for PBXProject "KodakVer3" */ = {
			isa = XCConfigurationList;
			buildConfigurations = (
				114B30CA1DF90A57008A57F1 /* Debug */,
				114B30CB1DF90A57008A57F1 /* Release */,
			);
			defaultConfigurationIsVisible = 0;
			defaultConfigurationName = Release;
		};
		114B30CC1DF90A57008A57F1 /* Build configuration list for PBXNativeTarget "KodakVer3" */ = {
			isa = XCConfigurationList;
			buildConfigurations = (
				114B30CD1DF90A57008A57F1 /* Debug */,
				114B30CE1DF90A57008A57F1 /* Release */,
			);
			defaultConfigurationIsVisible = 0;
			defaultConfigurationName = Release;
		};
		114B30CF1DF90A57008A57F1 /* Build configuration list for PBXNativeTarget "KodakVer3Tests" */ = {
			isa = XCConfigurationList;
			buildConfigurations = (
				114B30D01DF90A57008A57F1 /* Debug */,
				114B30D11DF90A57008A57F1 /* Release */,
			);
			defaultConfigurationIsVisible = 0;
			defaultConfigurationName = Release;
		};
		114B30D21DF90A57008A57F1 /* Build configuration list for PBXNativeTarget "KodakVer3UITests" */ = {
			isa = XCConfigurationList;
			buildConfigurations = (
				114B30D31DF90A57008A57F1 /* Debug */,
				114B30D41DF90A57008A57F1 /* Release */,
			);
			defaultConfigurationIsVisible = 0;
			defaultConfigurationName = Release;
		};
/* End XCConfigurationList section */
	};
	rootObject = 114B309C1DF90A57008A57F1 /* Project object */;
}
